// !$*UTF8*$!
{
	archiveVersion = 1;
	classes = {
	};
	objectVersion = 46;
	objects = {

/* Begin PBXBuildFile section */
		23A0929D1E04E6DD004AD215 /* DrawableVBOFactory.mm in Sources */ = {isa = PBXBuildFile; fileRef = 23A0929C1E04E6DD004AD215 /* DrawableVBOFactory.mm */; };
		23BA95B11DFD4D3F0077B157 /* main.m in Sources */ = {isa = PBXBuildFile; fileRef = 23BA95B01DFD4D3F0077B157 /* main.m */; };
		23BA95B41DFD4D3F0077B157 /* AppDelegate.m in Sources */ = {isa = PBXBuildFile; fileRef = 23BA95B31DFD4D3F0077B157 /* AppDelegate.m */; };
		23BA95B71DFD4D3F0077B157 /* ViewController.m in Sources */ = {isa = PBXBuildFile; fileRef = 23BA95B61DFD4D3F0077B157 /* ViewController.m */; };
		23BA95BA1DFD4D3F0077B157 /* Main.storyboard in Resources */ = {isa = PBXBuildFile; fileRef = 23BA95B81DFD4D3F0077B157 /* Main.storyboard */; };
		23BA95BC1DFD4D3F0077B157 /* Assets.xcassets in Resources */ = {isa = PBXBuildFile; fileRef = 23BA95BB1DFD4D3F0077B157 /* Assets.xcassets */; };
		23BA95BF1DFD4D3F0077B157 /* LaunchScreen.storyboard in Resources */ = {isa = PBXBuildFile; fileRef = 23BA95BD1DFD4D3F0077B157 /* LaunchScreen.storyboard */; };
		23BA95F11DFD4E600077B157 /* Monkey.mtl in Resources */ = {isa = PBXBuildFile; fileRef = 23BA95C71DFD4E600077B157 /* Monkey.mtl */; };
		23BA95F21DFD4E600077B157 /* Monkey.obj in Resources */ = {isa = PBXBuildFile; fileRef = 23BA95C81DFD4E600077B157 /* Monkey.obj */; };
		23BA95F31DFD4E600077B157 /* Ninja.obj in Resources */ = {isa = PBXBuildFile; fileRef = 23BA95C91DFD4E600077B157 /* Ninja.obj */; };
		23BA95F41DFD4E600077B157 /* Wizards_Hat copy.obj in Resources */ = {isa = PBXBuildFile; fileRef = 23BA95CA1DFD4E600077B157 /* Wizards_Hat copy.obj */; };
		23BA95F51DFD4E600077B157 /* Wizards_Hat.obj in Resources */ = {isa = PBXBuildFile; fileRef = 23BA95CB1DFD4E600077B157 /* Wizards_Hat.obj */; };
		23BA95F61DFD4E600077B157 /* OpenGLView.mm in Sources */ = {isa = PBXBuildFile; fileRef = 23BA95CD1DFD4E600077B157 /* OpenGLView.mm */; };
		23BA95F71DFD4E600077B157 /* FragmentShader.glsl in Resources */ = {isa = PBXBuildFile; fileRef = 23BA95D21DFD4E600077B157 /* FragmentShader.glsl */; };
		23BA95F81DFD4E600077B157 /* PerPixelFragment.glsl in Resources */ = {isa = PBXBuildFile; fileRef = 23BA95D31DFD4E600077B157 /* PerPixelFragment.glsl */; };
		23BA95F91DFD4E600077B157 /* PerPixelToonFragment.glsl in Resources */ = {isa = PBXBuildFile; fileRef = 23BA95D41DFD4E600077B157 /* PerPixelToonFragment.glsl */; };
		23BA95FA1DFD4E600077B157 /* PerPixelVertex.glsl in Resources */ = {isa = PBXBuildFile; fileRef = 23BA95D51DFD4E600077B157 /* PerPixelVertex.glsl */; };
		23BA95FB1DFD4E600077B157 /* VertexShader.glsl in Resources */ = {isa = PBXBuildFile; fileRef = 23BA95D61DFD4E600077B157 /* VertexShader.glsl */; };
		23BA95FC1DFD4E600077B157 /* Cube.cpp in Sources */ = {isa = PBXBuildFile; fileRef = 23BA95D81DFD4E600077B157 /* Cube.cpp */; };
		23BA95FD1DFD4E600077B157 /* ModelSurface.cpp in Sources */ = {isa = PBXBuildFile; fileRef = 23BA95DA1DFD4E600077B157 /* ModelSurface.cpp */; };
		23BA95FE1DFD4E600077B157 /* ParametricSurface.cpp in Sources */ = {isa = PBXBuildFile; fileRef = 23BA95DD1DFD4E600077B157 /* ParametricSurface.cpp */; };
		23BA95FF1DFD4E600077B157 /* CS.png in Resources */ = {isa = PBXBuildFile; fileRef = 23BA95E01DFD4E600077B157 /* CS.png */; };
		23BA96001DFD4E600077B157 /* detail.png in Resources */ = {isa = PBXBuildFile; fileRef = 23BA95E11DFD4E600077B157 /* detail.png */; };
		23BA96011DFD4E600077B157 /* flower.jpg in Resources */ = {isa = PBXBuildFile; fileRef = 23BA95E21DFD4E600077B157 /* flower.jpg */; };
		23BA96021DFD4E600077B157 /* light.png in Resources */ = {isa = PBXBuildFile; fileRef = 23BA95E31DFD4E600077B157 /* light.png */; };
		23BA96031DFD4E600077B157 /* wooden.png in Resources */ = {isa = PBXBuildFile; fileRef = 23BA95E41DFD4E600077B157 /* wooden.png */; };
		23BA96041DFD4E600077B157 /* wooden.pvr in Resources */ = {isa = PBXBuildFile; fileRef = 23BA95E51DFD4E600077B157 /* wooden.pvr */; };
		23BA96051DFD4E600077B157 /* GLESMath.c in Sources */ = {isa = PBXBuildFile; fileRef = 23BA95E71DFD4E600077B157 /* GLESMath.c */; };
		23BA96061DFD4E600077B157 /* GLESUtils.m in Sources */ = {isa = PBXBuildFile; fileRef = 23BA95EA1DFD4E600077B157 /* GLESUtils.m */; };
		23BA96071DFD4E600077B157 /* TextureHelper.m in Sources */ = {isa = PBXBuildFile; fileRef = 23BA95ED1DFD4E600077B157 /* TextureHelper.m */; };
		23BA96081DFD4E600077B157 /* TextureLoader.mm in Sources */ = {isa = PBXBuildFile; fileRef = 23BA95EF1DFD4E600077B157 /* TextureLoader.mm */; };
/* End PBXBuildFile section */

/* Begin PBXFileReference section */
		23A0929B1E04E6DD004AD215 /* DrawableVBOFactory.h */ = {isa = PBXFileReference; fileEncoding = 4; lastKnownFileType = sourcecode.c.h; path = DrawableVBOFactory.h; sourceTree = "<group>"; };
		23A0929C1E04E6DD004AD215 /* DrawableVBOFactory.mm */ = {isa = PBXFileReference; fileEncoding = 4; lastKnownFileType = sourcecode.cpp.objcpp; path = DrawableVBOFactory.mm; sourceTree = "<group>"; };
		23BA95AC1DFD4D3E0077B157 /* Tutorial13.app */ = {isa = PBXFileReference; explicitFileType = wrapper.application; includeInIndex = 0; path = Tutorial13.app; sourceTree = BUILT_PRODUCTS_DIR; };
		23BA95B01DFD4D3F0077B157 /* main.m */ = {isa = PBXFileReference; lastKnownFileType = sourcecode.c.objc; path = main.m; sourceTree = "<group>"; };
		23BA95B21DFD4D3F0077B157 /* AppDelegate.h */ = {isa = PBXFileReference; lastKnownFileType = sourcecode.c.h; path = AppDelegate.h; sourceTree = "<group>"; };
		23BA95B31DFD4D3F0077B157 /* AppDelegate.m */ = {isa = PBXFileReference; lastKnownFileType = sourcecode.c.objc; path = AppDelegate.m; sourceTree = "<group>"; };
		23BA95B51DFD4D3F0077B157 /* ViewController.h */ = {isa = PBXFileReference; lastKnownFileType = sourcecode.c.h; path = ViewController.h; sourceTree = "<group>"; };
		23BA95B61DFD4D3F0077B157 /* ViewController.m */ = {isa = PBXFileReference; lastKnownFileType = sourcecode.c.objc; path = ViewController.m; sourceTree = "<group>"; };
		23BA95B91DFD4D3F0077B157 /* Base */ = {isa = PBXFileReference; lastKnownFileType = file.storyboard; name = Base; path = Base.lproj/Main.storyboard; sourceTree = "<group>"; };
		23BA95BB1DFD4D3F0077B157 /* Assets.xcassets */ = {isa = PBXFileReference; lastKnownFileType = folder.assetcatalog; path = Assets.xcassets; sourceTree = "<group>"; };
		23BA95BE1DFD4D3F0077B157 /* Base */ = {isa = PBXFileReference; lastKnownFileType = file.storyboard; name = Base; path = Base.lproj/LaunchScreen.storyboard; sourceTree = "<group>"; };
		23BA95C01DFD4D3F0077B157 /* Info.plist */ = {isa = PBXFileReference; lastKnownFileType = text.plist.xml; path = Info.plist; sourceTree = "<group>"; };
		23BA95C71DFD4E600077B157 /* Monkey.mtl */ = {isa = PBXFileReference; fileEncoding = 4; lastKnownFileType = text; path = Monkey.mtl; sourceTree = "<group>"; };
		23BA95C81DFD4E600077B157 /* Monkey.obj */ = {isa = PBXFileReference; fileEncoding = 4; lastKnownFileType = text; path = Monkey.obj; sourceTree = "<group>"; };
		23BA95C91DFD4E600077B157 /* Ninja.obj */ = {isa = PBXFileReference; fileEncoding = 4; lastKnownFileType = text; path = Ninja.obj; sourceTree = "<group>"; };
		23BA95CA1DFD4E600077B157 /* Wizards_Hat copy.obj */ = {isa = PBXFileReference; fileEncoding = 4; lastKnownFileType = text; path = "Wizards_Hat copy.obj"; sourceTree = "<group>"; };
		23BA95CB1DFD4E600077B157 /* Wizards_Hat.obj */ = {isa = PBXFileReference; fileEncoding = 4; lastKnownFileType = text; path = Wizards_Hat.obj; sourceTree = "<group>"; };
		23BA95CC1DFD4E600077B157 /* OpenGLView.h */ = {isa = PBXFileReference; fileEncoding = 4; lastKnownFileType = sourcecode.c.h; lineEnding = 0; path = OpenGLView.h; sourceTree = "<group>"; xcLanguageSpecificationIdentifier = xcode.lang.objcpp; };
		23BA95CD1DFD4E600077B157 /* OpenGLView.mm */ = {isa = PBXFileReference; fileEncoding = 4; lastKnownFileType = sourcecode.cpp.objcpp; lineEnding = 0; path = OpenGLView.mm; sourceTree = "<group>"; xcLanguageSpecificationIdentifier = xcode.lang.objcpp; };
		23BA95CF1DFD4E600077B157 /* PVRTGlobal.h */ = {isa = PBXFileReference; fileEncoding = 4; lastKnownFileType = sourcecode.c.h; path = PVRTGlobal.h; sourceTree = "<group>"; };
		23BA95D01DFD4E600077B157 /* PVRTTexture.h */ = {isa = PBXFileReference; fileEncoding = 4; lastKnownFileType = sourcecode.c.h; path = PVRTTexture.h; sourceTree = "<group>"; };
		23BA95D21DFD4E600077B157 /* FragmentShader.glsl */ = {isa = PBXFileReference; fileEncoding = 4; lastKnownFileType = text; path = FragmentShader.glsl; sourceTree = "<group>"; };
		23BA95D31DFD4E600077B157 /* PerPixelFragment.glsl */ = {isa = PBXFileReference; fileEncoding = 4; lastKnownFileType = text; path = PerPixelFragment.glsl; sourceTree = "<group>"; };
		23BA95D41DFD4E600077B157 /* PerPixelToonFragment.glsl */ = {isa = PBXFileReference; fileEncoding = 4; lastKnownFileType = text; path = PerPixelToonFragment.glsl; sourceTree = "<group>"; };
		23BA95D51DFD4E600077B157 /* PerPixelVertex.glsl */ = {isa = PBXFileReference; fileEncoding = 4; lastKnownFileType = text; path = PerPixelVertex.glsl; sourceTree = "<group>"; };
		23BA95D61DFD4E600077B157 /* VertexShader.glsl */ = {isa = PBXFileReference; fileEncoding = 4; lastKnownFileType = text; path = VertexShader.glsl; sourceTree = "<group>"; };
		23BA95D81DFD4E600077B157 /* Cube.cpp */ = {isa = PBXFileReference; fileEncoding = 4; lastKnownFileType = sourcecode.cpp.cpp; path = Cube.cpp; sourceTree = "<group>"; };
		23BA95D91DFD4E600077B157 /* Cube.h */ = {isa = PBXFileReference; fileEncoding = 4; lastKnownFileType = sourcecode.c.h; path = Cube.h; sourceTree = "<group>"; };
		23BA95DA1DFD4E600077B157 /* ModelSurface.cpp */ = {isa = PBXFileReference; fileEncoding = 4; lastKnownFileType = sourcecode.cpp.cpp; path = ModelSurface.cpp; sourceTree = "<group>"; };
		23BA95DB1DFD4E600077B157 /* ModelSurface.h */ = {isa = PBXFileReference; fileEncoding = 4; lastKnownFileType = sourcecode.c.h; path = ModelSurface.h; sourceTree = "<group>"; };
		23BA95DC1DFD4E600077B157 /* ParametricEquations.h */ = {isa = PBXFileReference; fileEncoding = 4; lastKnownFileType = sourcecode.c.h; path = ParametricEquations.h; sourceTree = "<group>"; };
		23BA95DD1DFD4E600077B157 /* ParametricSurface.cpp */ = {isa = PBXFileReference; fileEncoding = 4; lastKnownFileType = sourcecode.cpp.cpp; path = ParametricSurface.cpp; sourceTree = "<group>"; };
		23BA95DE1DFD4E600077B157 /* ParametricSurface.h */ = {isa = PBXFileReference; fileEncoding = 4; lastKnownFileType = sourcecode.c.h; path = ParametricSurface.h; sourceTree = "<group>"; };
		23BA95E01DFD4E600077B157 /* CS.png */ = {isa = PBXFileReference; lastKnownFileType = image.png; path = CS.png; sourceTree = "<group>"; };
		23BA95E11DFD4E600077B157 /* detail.png */ = {isa = PBXFileReference; lastKnownFileType = image.png; path = detail.png; sourceTree = "<group>"; };
		23BA95E21DFD4E600077B157 /* flower.jpg */ = {isa = PBXFileReference; lastKnownFileType = image.jpeg; path = flower.jpg; sourceTree = "<group>"; };
		23BA95E31DFD4E600077B157 /* light.png */ = {isa = PBXFileReference; lastKnownFileType = image.png; path = light.png; sourceTree = "<group>"; };
		23BA95E41DFD4E600077B157 /* wooden.png */ = {isa = PBXFileReference; lastKnownFileType = image.png; path = wooden.png; sourceTree = "<group>"; };
		23BA95E51DFD4E600077B157 /* wooden.pvr */ = {isa = PBXFileReference; lastKnownFileType = file; path = wooden.pvr; sourceTree = "<group>"; };
		23BA95E71DFD4E600077B157 /* GLESMath.c */ = {isa = PBXFileReference; fileEncoding = 4; lastKnownFileType = sourcecode.c.c; path = GLESMath.c; sourceTree = "<group>"; };
		23BA95E81DFD4E600077B157 /* GLESMath.h */ = {isa = PBXFileReference; fileEncoding = 4; lastKnownFileType = sourcecode.c.h; path = GLESMath.h; sourceTree = "<group>"; };
		23BA95E91DFD4E600077B157 /* GLESUtils.h */ = {isa = PBXFileReference; fileEncoding = 4; lastKnownFileType = sourcecode.c.h; path = GLESUtils.h; sourceTree = "<group>"; };
		23BA95EA1DFD4E600077B157 /* GLESUtils.m */ = {isa = PBXFileReference; fileEncoding = 4; lastKnownFileType = sourcecode.c.objc; path = GLESUtils.m; sourceTree = "<group>"; };
		23BA95EB1DFD4E600077B157 /* Quaternion.h */ = {isa = PBXFileReference; fileEncoding = 4; lastKnownFileType = sourcecode.c.h; path = Quaternion.h; sourceTree = "<group>"; };
		23BA95EC1DFD4E600077B157 /* TextureHelper.h */ = {isa = PBXFileReference; fileEncoding = 4; lastKnownFileType = sourcecode.c.h; path = TextureHelper.h; sourceTree = "<group>"; };
		23BA95ED1DFD4E600077B157 /* TextureHelper.m */ = {isa = PBXFileReference; fileEncoding = 4; lastKnownFileType = sourcecode.c.objc; path = TextureHelper.m; sourceTree = "<group>"; };
		23BA95EE1DFD4E600077B157 /* TextureLoader.h */ = {isa = PBXFileReference; fileEncoding = 4; lastKnownFileType = sourcecode.c.h; path = TextureLoader.h; sourceTree = "<group>"; };
		23BA95EF1DFD4E600077B157 /* TextureLoader.mm */ = {isa = PBXFileReference; fileEncoding = 4; lastKnownFileType = sourcecode.cpp.objcpp; path = TextureLoader.mm; sourceTree = "<group>"; };
		23BA95F01DFD4E600077B157 /* Vector.h */ = {isa = PBXFileReference; fileEncoding = 4; lastKnownFileType = sourcecode.c.h; path = Vector.h; sourceTree = "<group>"; };
/* End PBXFileReference section */

/* Begin PBXFrameworksBuildPhase section */
		23BA95A91DFD4D3E0077B157 /* Frameworks */ = {
			isa = PBXFrameworksBuildPhase;
			buildActionMask = 2147483647;
			files = (
			);
			runOnlyForDeploymentPostprocessing = 0;
		};
/* End PBXFrameworksBuildPhase section */

/* Begin PBXGroup section */
		23BA95A31DFD4D3E0077B157 = {
			isa = PBXGroup;
			children = (
				23BA95AE1DFD4D3E0077B157 /* Tutorial13 */,
				23BA95AD1DFD4D3E0077B157 /* Products */,
			);
			sourceTree = "<group>";
		};
		23BA95AD1DFD4D3E0077B157 /* Products */ = {
			isa = PBXGroup;
			children = (
				23BA95AC1DFD4D3E0077B157 /* Tutorial13.app */,
			);
			name = Products;
			sourceTree = "<group>";
		};
		23BA95AE1DFD4D3E0077B157 /* Tutorial13 */ = {
			isa = PBXGroup;
			children = (
				23BA95C61DFD4E600077B157 /* Model */,
				23BA95CC1DFD4E600077B157 /* OpenGLView.h */,
				23BA95CD1DFD4E600077B157 /* OpenGLView.mm */,
				23BA95CE1DFD4E600077B157 /* PowerVR */,
				23BA95D11DFD4E600077B157 /* Shader */,
				23BA95D71DFD4E600077B157 /* Surface */,
				23BA95DF1DFD4E600077B157 /* Texture */,
				23BA95E61DFD4E600077B157 /* Utils */,
				23BA95B21DFD4D3F0077B157 /* AppDelegate.h */,
				23BA95B31DFD4D3F0077B157 /* AppDelegate.m */,
				23BA95B51DFD4D3F0077B157 /* ViewController.h */,
				23BA95B61DFD4D3F0077B157 /* ViewController.m */,
				23BA95B81DFD4D3F0077B157 /* Main.storyboard */,
				23BA95BB1DFD4D3F0077B157 /* Assets.xcassets */,
				23BA95BD1DFD4D3F0077B157 /* LaunchScreen.storyboard */,
				23BA95C01DFD4D3F0077B157 /* Info.plist */,
				23BA95AF1DFD4D3F0077B157 /* Supporting Files */,
			);
			path = Tutorial13;
			sourceTree = "<group>";
		};
		23BA95AF1DFD4D3F0077B157 /* Supporting Files */ = {
			isa = PBXGroup;
			children = (
				23BA95B01DFD4D3F0077B157 /* main.m */,
			);
			name = "Supporting Files";
			sourceTree = "<group>";
		};
		23BA95C61DFD4E600077B157 /* Model */ = {
			isa = PBXGroup;
			children = (
				23BA95C71DFD4E600077B157 /* Monkey.mtl */,
				23BA95C81DFD4E600077B157 /* Monkey.obj */,
				23BA95C91DFD4E600077B157 /* Ninja.obj */,
				23BA95CA1DFD4E600077B157 /* Wizards_Hat copy.obj */,
				23BA95CB1DFD4E600077B157 /* Wizards_Hat.obj */,
			);
			path = Model;
			sourceTree = "<group>";
		};
		23BA95CE1DFD4E600077B157 /* PowerVR */ = {
			isa = PBXGroup;
			children = (
				23BA95CF1DFD4E600077B157 /* PVRTGlobal.h */,
				23BA95D01DFD4E600077B157 /* PVRTTexture.h */,
			);
			path = PowerVR;
			sourceTree = "<group>";
		};
		23BA95D11DFD4E600077B157 /* Shader */ = {
			isa = PBXGroup;
			children = (
				23BA95D21DFD4E600077B157 /* FragmentShader.glsl */,
				23BA95D31DFD4E600077B157 /* PerPixelFragment.glsl */,
				23BA95D41DFD4E600077B157 /* PerPixelToonFragment.glsl */,
				23BA95D51DFD4E600077B157 /* PerPixelVertex.glsl */,
				23BA95D61DFD4E600077B157 /* VertexShader.glsl */,
			);
			path = Shader;
			sourceTree = "<group>";
		};
		23BA95D71DFD4E600077B157 /* Surface */ = {
			isa = PBXGroup;
			children = (
				23A0929B1E04E6DD004AD215 /* DrawableVBOFactory.h */,
				23A0929C1E04E6DD004AD215 /* DrawableVBOFactory.mm */,
				23BA95D81DFD4E600077B157 /* Cube.cpp */,
				23BA95D91DFD4E600077B157 /* Cube.h */,
				23BA95DA1DFD4E600077B157 /* ModelSurface.cpp */,
				23BA95DB1DFD4E600077B157 /* ModelSurface.h */,
				23BA95DC1DFD4E600077B157 /* ParametricEquations.h */,
				23BA95DD1DFD4E600077B157 /* ParametricSurface.cpp */,
				23BA95DE1DFD4E600077B157 /* ParametricSurface.h */,
			);
			path = Surface;
			sourceTree = "<group>";
		};
		23BA95DF1DFD4E600077B157 /* Texture */ = {
			isa = PBXGroup;
			children = (
				23BA95E01DFD4E600077B157 /* CS.png */,
				23BA95E11DFD4E600077B157 /* detail.png */,
				23BA95E21DFD4E600077B157 /* flower.jpg */,
				23BA95E31DFD4E600077B157 /* light.png */,
				23BA95E41DFD4E600077B157 /* wooden.png */,
				23BA95E51DFD4E600077B157 /* wooden.pvr */,
			);
			path = Texture;
			sourceTree = "<group>";
		};
		23BA95E61DFD4E600077B157 /* Utils */ = {
			isa = PBXGroup;
			children = (
				23BA95E71DFD4E600077B157 /* GLESMath.c */,
				23BA95E81DFD4E600077B157 /* GLESMath.h */,
				23BA95E91DFD4E600077B157 /* GLESUtils.h */,
				23BA95EA1DFD4E600077B157 /* GLESUtils.m */,
				23BA95EB1DFD4E600077B157 /* Quaternion.h */,
				23BA95EC1DFD4E600077B157 /* TextureHelper.h */,
				23BA95ED1DFD4E600077B157 /* TextureHelper.m */,
				23BA95EE1DFD4E600077B157 /* TextureLoader.h */,
				23BA95EF1DFD4E600077B157 /* TextureLoader.mm */,
				23BA95F01DFD4E600077B157 /* Vector.h */,
			);
			path = Utils;
			sourceTree = "<group>";
		};
/* End PBXGroup section */

/* Begin PBXNativeTarget section */
		23BA95AB1DFD4D3E0077B157 /* Tutorial13 */ = {
			isa = PBXNativeTarget;
			buildConfigurationList = 23BA95C31DFD4D3F0077B157 /* Build configuration list for PBXNativeTarget "Tutorial13" */;
			buildPhases = (
				23BA95A81DFD4D3E0077B157 /* Sources */,
				23BA95A91DFD4D3E0077B157 /* Frameworks */,
				23BA95AA1DFD4D3E0077B157 /* Resources */,
			);
			buildRules = (
			);
			dependencies = (
			);
			name = Tutorial13;
			productName = Tutorial13;
			productReference = 23BA95AC1DFD4D3E0077B157 /* Tutorial13.app */;
			productType = "com.apple.product-type.application";
		};
/* End PBXNativeTarget section */

/* Begin PBXProject section */
		23BA95A41DFD4D3E0077B157 /* Project object */ = {
			isa = PBXProject;
			attributes = {
				LastUpgradeCheck = 0810;
				ORGANIZATIONNAME = cyj;
				TargetAttributes = {
					23BA95AB1DFD4D3E0077B157 = {
						CreatedOnToolsVersion = 8.1;
						DevelopmentTeam = QLZX6CW3EE;
						ProvisioningStyle = Automatic;
					};
				};
			};
			buildConfigurationList = 23BA95A71DFD4D3E0077B157 /* Build configuration list for PBXProject "Tutorial13" */;
			compatibilityVersion = "Xcode 3.2";
			developmentRegion = English;
			hasScannedForEncodings = 0;
			knownRegions = (
				en,
				Base,
			);
			mainGroup = 23BA95A31DFD4D3E0077B157;
			productRefGroup = 23BA95AD1DFD4D3E0077B157 /* Products */;
			projectDirPath = "";
			projectRoot = "";
			targets = (
				23BA95AB1DFD4D3E0077B157 /* Tutorial13 */,
			);
		};
/* End PBXProject section */

/* Begin PBXResourcesBuildPhase section */
		23BA95AA1DFD4D3E0077B157 /* Resources */ = {
			isa = PBXResourcesBuildPhase;
			buildActionMask = 2147483647;
			files = (
				23BA95F51DFD4E600077B157 /* Wizards_Hat.obj in Resources */,
				23BA95F71DFD4E600077B157 /* FragmentShader.glsl in Resources */,
				23BA96001DFD4E600077B157 /* detail.png in Resources */,
				23BA95FB1DFD4E600077B157 /* VertexShader.glsl in Resources */,
				23BA95FA1DFD4E600077B157 /* PerPixelVertex.glsl in Resources */,
				23BA95F21DFD4E600077B157 /* Monkey.obj in Resources */,
				23BA95F41DFD4E600077B157 /* Wizards_Hat copy.obj in Resources */,
				23BA96041DFD4E600077B157 /* wooden.pvr in Resources */,
				23BA95F81DFD4E600077B157 /* PerPixelFragment.glsl in Resources */,
				23BA96011DFD4E600077B157 /* flower.jpg in Resources */,
				23BA95F91DFD4E600077B157 /* PerPixelToonFragment.glsl in Resources */,
				23BA95F11DFD4E600077B157 /* Monkey.mtl in Resources */,
				23BA96021DFD4E600077B157 /* light.png in Resources */,
				23BA95BF1DFD4D3F0077B157 /* LaunchScreen.storyboard in Resources */,
				23BA95BC1DFD4D3F0077B157 /* Assets.xcassets in Resources */,
				23BA95FF1DFD4E600077B157 /* CS.png in Resources */,
				23BA96031DFD4E600077B157 /* wooden.png in Resources */,
				23BA95F31DFD4E600077B157 /* Ninja.obj in Resources */,
				23BA95BA1DFD4D3F0077B157 /* Main.storyboard in Resources */,
			);
			runOnlyForDeploymentPostprocessing = 0;
		};
/* End PBXResourcesBuildPhase section */

/* Begin PBXSourcesBuildPhase section */
		23BA95A81DFD4D3E0077B157 /* Sources */ = {
			isa = PBXSourcesBuildPhase;
			buildActionMask = 2147483647;
			files = (
				23BA96051DFD4E600077B157 /* GLESMath.c in Sources */,
				23BA96061DFD4E600077B157 /* GLESUtils.m in Sources */,
				23BA96081DFD4E600077B157 /* TextureLoader.mm in Sources */,
				23BA95B71DFD4D3F0077B157 /* ViewController.m in Sources */,
				23BA95FE1DFD4E600077B157 /* ParametricSurface.cpp in Sources */,
				23BA95F61DFD4E600077B157 /* OpenGLView.mm in Sources */,
				23BA96071DFD4E600077B157 /* TextureHelper.m in Sources */,
				23BA95B41DFD4D3F0077B157 /* AppDelegate.m in Sources */,
				23BA95FD1DFD4E600077B157 /* ModelSurface.cpp in Sources */,
				23BA95B11DFD4D3F0077B157 /* main.m in Sources */,
				23A0929D1E04E6DD004AD215 /* DrawableVBOFactory.mm in Sources */,
				23BA95FC1DFD4E600077B157 /* Cube.cpp in Sources */,
			);
			runOnlyForDeploymentPostprocessing = 0;
		};
/* End PBXSourcesBuildPhase section */

/* Begin PBXVariantGroup section */
		23BA95B81DFD4D3F0077B157 /* Main.storyboard */ = {
			isa = PBXVariantGroup;
			children = (
				23BA95B91DFD4D3F0077B157 /* Base */,
			);
			name = Main.storyboard;
			sourceTree = "<group>";
		};
		23BA95BD1DFD4D3F0077B157 /* LaunchScreen.storyboard */ = {
			isa = PBXVariantGroup;
			children = (
				23BA95BE1DFD4D3F0077B157 /* Base */,
			);
			name = LaunchScreen.storyboard;
			sourceTree = "<group>";
		};
/* End PBXVariantGroup section */

/* Begin XCBuildConfiguration section */
		23BA95C11DFD4D3F0077B157 /* Debug */ = {
			isa = XCBuildConfiguration;
			buildSettings = {
				ALWAYS_SEARCH_USER_PATHS = NO;
				CLANG_ANALYZER_NONNULL = YES;
				CLANG_CXX_LANGUAGE_STANDARD = "gnu++0x";
				CLANG_CXX_LIBRARY = "libc++";
				CLANG_ENABLE_MODULES = YES;
				CLANG_ENABLE_OBJC_ARC = YES;
				CLANG_WARN_BOOL_CONVERSION = YES;
				CLANG_WARN_CONSTANT_CONVERSION = YES;
				CLANG_WARN_DIRECT_OBJC_ISA_USAGE = YES_ERROR;
				CLANG_WARN_DOCUMENTATION_COMMENTS = YES;
				CLANG_WARN_EMPTY_BODY = YES;
				CLANG_WARN_ENUM_CONVERSION = YES;
				CLANG_WARN_INFINITE_RECURSION = YES;
				CLANG_WARN_INT_CONVERSION = YES;
				CLANG_WARN_OBJC_ROOT_CLASS = YES_ERROR;
				CLANG_WARN_SUSPICIOUS_MOVES = YES;
				CLANG_WARN_UNREACHABLE_CODE = YES;
				CLANG_WARN__DUPLICATE_METHOD_MATCH = YES;
				"CODE_SIGN_IDENTITY[sdk=iphoneos*]" = "iPhone Developer";
				COPY_PHASE_STRIP = NO;
				DEBUG_INFORMATION_FORMAT = dwarf;
				ENABLE_STRICT_OBJC_MSGSEND = YES;
				ENABLE_TESTABILITY = YES;
				GCC_C_LANGUAGE_STANDARD = gnu99;
				GCC_DYNAMIC_NO_PIC = NO;
				GCC_NO_COMMON_BLOCKS = YES;
				GCC_OPTIMIZATION_LEVEL = 0;
				GCC_PREPROCESSOR_DEFINITIONS = (
					"DEBUG=1",
					"$(inherited)",
				);
				GCC_WARN_64_TO_32_BIT_CONVERSION = YES;
				GCC_WARN_ABOUT_RETURN_TYPE = YES_ERROR;
				GCC_WARN_UNDECLARED_SELECTOR = YES;
				GCC_WARN_UNINITIALIZED_AUTOS = YES_AGGRESSIVE;
				GCC_WARN_UNUSED_FUNCTION = YES;
				GCC_WARN_UNUSED_VARIABLE = YES;
				IPHONEOS_DEPLOYMENT_TARGET = 10.1;
				MTL_ENABLE_DEBUG_INFO = YES;
				ONLY_ACTIVE_ARCH = YES;
				SDKROOT = iphoneos;
			};
			name = Debug;
		};
		23BA95C21DFD4D3F0077B157 /* Release */ = {
			isa = XCBuildConfiguration;
			buildSettings = {
				ALWAYS_SEARCH_USER_PATHS = NO;
				CLANG_ANALYZER_NONNULL = YES;
				CLANG_CXX_LANGUAGE_STANDARD = "gnu++0x";
				CLANG_CXX_LIBRARY = "libc++";
				CLANG_ENABLE_MODULES = YES;
				CLANG_ENABLE_OBJC_ARC = YES;
				CLANG_WARN_BOOL_CONVERSION = YES;
				CLANG_WARN_CONSTANT_CONVERSION = YES;
				CLANG_WARN_DIRECT_OBJC_ISA_USAGE = YES_ERROR;
				CLANG_WARN_DOCUMENTATION_COMMENTS = YES;
				CLANG_WARN_EMPTY_BODY = YES;
				CLANG_WARN_ENUM_CONVERSION = YES;
				CLANG_WARN_INFINITE_RECURSION = YES;
				CLANG_WARN_INT_CONVERSION = YES;
				CLANG_WARN_OBJC_ROOT_CLASS = YES_ERROR;
				CLANG_WARN_SUSPICIOUS_MOVES = YES;
				CLANG_WARN_UNREACHABLE_CODE = YES;
				CLANG_WARN__DUPLICATE_METHOD_MATCH = YES;
				"CODE_SIGN_IDENTITY[sdk=iphoneos*]" = "iPhone Developer";
				COPY_PHASE_STRIP = NO;
				DEBUG_INFORMATION_FORMAT = "dwarf-with-dsym";
				ENABLE_NS_ASSERTIONS = NO;
				ENABLE_STRICT_OBJC_MSGSEND = YES;
				GCC_C_LANGUAGE_STANDARD = gnu99;
				GCC_NO_COMMON_BLOCKS = YES;
				GCC_WARN_64_TO_32_BIT_CONVERSION = YES;
				GCC_WARN_ABOUT_RETURN_TYPE = YES_ERROR;
				GCC_WARN_UNDECLARED_SELECTOR = YES;
				GCC_WARN_UNINITIALIZED_AUTOS = YES_AGGRESSIVE;
				GCC_WARN_UNUSED_FUNCTION = YES;
				GCC_WARN_UNUSED_VARIABLE = YES;
				IPHONEOS_DEPLOYMENT_TARGET = 10.1;
				MTL_ENABLE_DEBUG_INFO = NO;
				SDKROOT = iphoneos;
				VALIDATE_PRODUCT = YES;
			};
			name = Release;
		};
		23BA95C41DFD4D3F0077B157 /* Debug */ = {
			isa = XCBuildConfiguration;
			buildSettings = {
				ASSETCATALOG_COMPILER_APPICON_NAME = AppIcon;
				DEVELOPMENT_TEAM = QLZX6CW3EE;
				INFOPLIST_FILE = Tutorial13/Info.plist;
				LD_RUNPATH_SEARCH_PATHS = "$(inherited) @executable_path/Frameworks";
				PRODUCT_BUNDLE_IDENTIFIER = com.cyj.Tutorial13;
				PRODUCT_NAME = "$(TARGET_NAME)";
			};
			name = Debug;
		};
		23BA95C51DFD4D3F0077B157 /* Release */ = {
			isa = XCBuildConfiguration;
			buildSettings = {
				ASSETCATALOG_COMPILER_APPICON_NAME = AppIcon;
				DEVELOPMENT_TEAM = QLZX6CW3EE;
				INFOPLIST_FILE = Tutorial13/Info.plist;
				LD_RUNPATH_SEARCH_PATHS = "$(inherited) @executable_path/Frameworks";
				PRODUCT_BUNDLE_IDENTIFIER = com.cyj.Tutorial13;
				PRODUCT_NAME = "$(TARGET_NAME)";
			};
			name = Release;
		};
/* End XCBuildConfiguration section */

/* Begin XCConfigurationList section */
		23BA95A71DFD4D3E0077B157 /* Build configuration list for PBXProject "Tutorial13" */ = {
			isa = XCConfigurationList;
			buildConfigurations = (
				23BA95C11DFD4D3F0077B157 /* Debug */,
				23BA95C21DFD4D3F0077B157 /* Release */,
			);
			defaultConfigurationIsVisible = 0;
			defaultConfigurationName = Release;
		};
		23BA95C31DFD4D3F0077B157 /* Build configuration list for PBXNativeTarget "Tutorial13" */ = {
			isa = XCConfigurationList;
			buildConfigurations = (
				23BA95C41DFD4D3F0077B157 /* Debug */,
				23BA95C51DFD4D3F0077B157 /* Release */,
			);
			defaultConfigurationIsVisible = 0;
			defaultConfigurationName = Release;
		};
/* End XCConfigurationList section */
	};
	rootObject = 23BA95A41DFD4D3E0077B157 /* Project object */;
}
