// !$*UTF8*$!
{
	archiveVersion = 1;
	classes = {
	};
	objectVersion = 46;
	objects = {

/* Begin PBXBuildFile section */
		23FEDD931DCEDE2B00EE56AD /* main.m in Sources */ = {isa = PBXBuildFile; fileRef = 23FEDD921DCEDE2B00EE56AD /* main.m */; };
		23FEDD961DCEDE2B00EE56AD /* AppDelegate.m in Sources */ = {isa = PBXBuildFile; fileRef = 23FEDD951DCEDE2B00EE56AD /* AppDelegate.m */; };
		23FEDD991DCEDE2B00EE56AD /* ViewController.m in Sources */ = {isa = PBXBuildFile; fileRef = 23FEDD981DCEDE2B00EE56AD /* ViewController.m */; };
		23FEDD9C1DCEDE2B00EE56AD /* Main.storyboard in Resources */ = {isa = PBXBuildFile; fileRef = 23FEDD9A1DCEDE2B00EE56AD /* Main.storyboard */; };
		23FEDD9E1DCEDE2B00EE56AD /* Assets.xcassets in Resources */ = {isa = PBXBuildFile; fileRef = 23FEDD9D1DCEDE2B00EE56AD /* Assets.xcassets */; };
		23FEDDA11DCEDE2B00EE56AD /* LaunchScreen.storyboard in Resources */ = {isa = PBXBuildFile; fileRef = 23FEDD9F1DCEDE2B00EE56AD /* LaunchScreen.storyboard */; };
		23FEDDAE1DCEE32900EE56AD /* FragmentShader.glsl in Resources */ = {isa = PBXBuildFile; fileRef = 23FEDDA81DCEE32900EE56AD /* FragmentShader.glsl */; };
		23FEDDAF1DCEE32900EE56AD /* GLESUtils.m in Sources */ = {isa = PBXBuildFile; fileRef = 23FEDDAA1DCEE32900EE56AD /* GLESUtils.m */; };
		23FEDDB01DCEE32900EE56AD /* OpenGLView.m in Sources */ = {isa = PBXBuildFile; fileRef = 23FEDDAC1DCEE32900EE56AD /* OpenGLView.m */; };
		23FEDDB11DCEE32900EE56AD /* VertexShader.glsl in Resources */ = {isa = PBXBuildFile; fileRef = 23FEDDAD1DCEE32900EE56AD /* VertexShader.glsl */; };
		23FEDDB41DCEFE0D00EE56AD /* ksMatrix.c in Sources */ = {isa = PBXBuildFile; fileRef = 23FEDDB21DCEFE0D00EE56AD /* ksMatrix.c */; };
		23FEDDB71DCEFFEE00EE56AD /* ksVector.c in Sources */ = {isa = PBXBuildFile; fileRef = 23FEDDB51DCEFFEE00EE56AD /* ksVector.c */; };
/* End PBXBuildFile section */

/* Begin PBXFileReference section */
		23FEDD8E1DCEDE2B00EE56AD /* Tutorial03.app */ = {isa = PBXFileReference; explicitFileType = wrapper.application; includeInIndex = 0; path = Tutorial03.app; sourceTree = BUILT_PRODUCTS_DIR; };
		23FEDD921DCEDE2B00EE56AD /* main.m */ = {isa = PBXFileReference; lastKnownFileType = sourcecode.c.objc; path = main.m; sourceTree = "<group>"; };
		23FEDD941DCEDE2B00EE56AD /* AppDelegate.h */ = {isa = PBXFileReference; lastKnownFileType = sourcecode.c.h; path = AppDelegate.h; sourceTree = "<group>"; };
		23FEDD951DCEDE2B00EE56AD /* AppDelegate.m */ = {isa = PBXFileReference; lastKnownFileType = sourcecode.c.objc; path = AppDelegate.m; sourceTree = "<group>"; };
		23FEDD971DCEDE2B00EE56AD /* ViewController.h */ = {isa = PBXFileReference; lastKnownFileType = sourcecode.c.h; path = ViewController.h; sourceTree = "<group>"; };
		23FEDD981DCEDE2B00EE56AD /* ViewController.m */ = {isa = PBXFileReference; lastKnownFileType = sourcecode.c.objc; path = ViewController.m; sourceTree = "<group>"; };
		23FEDD9B1DCEDE2B00EE56AD /* Base */ = {isa = PBXFileReference; lastKnownFileType = file.storyboard; name = Base; path = Base.lproj/Main.storyboard; sourceTree = "<group>"; };
		23FEDD9D1DCEDE2B00EE56AD /* Assets.xcassets */ = {isa = PBXFileReference; lastKnownFileType = folder.assetcatalog; path = Assets.xcassets; sourceTree = "<group>"; };
		23FEDDA01DCEDE2B00EE56AD /* Base */ = {isa = PBXFileReference; lastKnownFileType = file.storyboard; name = Base; path = Base.lproj/LaunchScreen.storyboard; sourceTree = "<group>"; };
		23FEDDA21DCEDE2B00EE56AD /* Info.plist */ = {isa = PBXFileReference; lastKnownFileType = text.plist.xml; path = Info.plist; sourceTree = "<group>"; };
		23FEDDA81DCEE32900EE56AD /* FragmentShader.glsl */ = {isa = PBXFileReference; fileEncoding = 4; lastKnownFileType = text; path = FragmentShader.glsl; sourceTree = "<group>"; };
		23FEDDA91DCEE32900EE56AD /* GLESUtils.h */ = {isa = PBXFileReference; fileEncoding = 4; lastKnownFileType = sourcecode.c.h; path = GLESUtils.h; sourceTree = "<group>"; };
		23FEDDAA1DCEE32900EE56AD /* GLESUtils.m */ = {isa = PBXFileReference; fileEncoding = 4; lastKnownFileType = sourcecode.c.objc; path = GLESUtils.m; sourceTree = "<group>"; };
		23FEDDAB1DCEE32900EE56AD /* OpenGLView.h */ = {isa = PBXFileReference; fileEncoding = 4; lastKnownFileType = sourcecode.c.h; path = OpenGLView.h; sourceTree = "<group>"; };
		23FEDDAC1DCEE32900EE56AD /* OpenGLView.m */ = {isa = PBXFileReference; fileEncoding = 4; lastKnownFileType = sourcecode.c.objc; path = OpenGLView.m; sourceTree = "<group>"; };
		23FEDDAD1DCEE32900EE56AD /* VertexShader.glsl */ = {isa = PBXFileReference; fileEncoding = 4; lastKnownFileType = text; path = VertexShader.glsl; sourceTree = "<group>"; };
		23FEDDB21DCEFE0D00EE56AD /* ksMatrix.c */ = {isa = PBXFileReference; fileEncoding = 4; lastKnownFileType = sourcecode.c.c; path = ksMatrix.c; sourceTree = "<group>"; };
		23FEDDB31DCEFE0D00EE56AD /* ksMatrix.h */ = {isa = PBXFileReference; fileEncoding = 4; lastKnownFileType = sourcecode.c.h; path = ksMatrix.h; sourceTree = "<group>"; };
		23FEDDB51DCEFFEE00EE56AD /* ksVector.c */ = {isa = PBXFileReference; fileEncoding = 4; lastKnownFileType = sourcecode.c.c; path = ksVector.c; sourceTree = "<group>"; };
		23FEDDB61DCEFFEE00EE56AD /* ksVector.h */ = {isa = PBXFileReference; fileEncoding = 4; lastKnownFileType = sourcecode.c.h; path = ksVector.h; sourceTree = "<group>"; };
/* End PBXFileReference section */

/* Begin PBXFrameworksBuildPhase section */
		23FEDD8B1DCEDE2900EE56AD /* Frameworks */ = {
			isa = PBXFrameworksBuildPhase;
			buildActionMask = 2147483647;
			files = (
			);
			runOnlyForDeploymentPostprocessing = 0;
		};
/* End PBXFrameworksBuildPhase section */

/* Begin PBXGroup section */
		23FEDD851DCEDE2900EE56AD = {
			isa = PBXGroup;
			children = (
				23FEDD901DCEDE2B00EE56AD /* Tutorial03 */,
				23FEDD8F1DCEDE2B00EE56AD /* Products */,
			);
			sourceTree = "<group>";
		};
		23FEDD8F1DCEDE2B00EE56AD /* Products */ = {
			isa = PBXGroup;
			children = (
				23FEDD8E1DCEDE2B00EE56AD /* Tutorial03.app */,
			);
			name = Products;
			sourceTree = "<group>";
		};
		23FEDD901DCEDE2B00EE56AD /* Tutorial03 */ = {
			isa = PBXGroup;
			children = (
				23FEDDB21DCEFE0D00EE56AD /* ksMatrix.c */,
				23FEDDB31DCEFE0D00EE56AD /* ksMatrix.h */,
				23FEDDA81DCEE32900EE56AD /* FragmentShader.glsl */,
				23FEDDA91DCEE32900EE56AD /* GLESUtils.h */,
				23FEDDAA1DCEE32900EE56AD /* GLESUtils.m */,
				23FEDDAB1DCEE32900EE56AD /* OpenGLView.h */,
				23FEDDAC1DCEE32900EE56AD /* OpenGLView.m */,
				23FEDDAD1DCEE32900EE56AD /* VertexShader.glsl */,
				23FEDD941DCEDE2B00EE56AD /* AppDelegate.h */,
				23FEDD951DCEDE2B00EE56AD /* AppDelegate.m */,
				23FEDD971DCEDE2B00EE56AD /* ViewController.h */,
				23FEDD981DCEDE2B00EE56AD /* ViewController.m */,
				23FEDD9A1DCEDE2B00EE56AD /* Main.storyboard */,
				23FEDD9D1DCEDE2B00EE56AD /* Assets.xcassets */,
				23FEDD9F1DCEDE2B00EE56AD /* LaunchScreen.storyboard */,
				23FEDDA21DCEDE2B00EE56AD /* Info.plist */,
				23FEDD911DCEDE2B00EE56AD /* Supporting Files */,
				23FEDDB51DCEFFEE00EE56AD /* ksVector.c */,
				23FEDDB61DCEFFEE00EE56AD /* ksVector.h */,
			);
			path = Tutorial03;
			sourceTree = "<group>";
		};
		23FEDD911DCEDE2B00EE56AD /* Supporting Files */ = {
			isa = PBXGroup;
			children = (
				23FEDD921DCEDE2B00EE56AD /* main.m */,
			);
			name = "Supporting Files";
			sourceTree = "<group>";
		};
/* End PBXGroup section */

/* Begin PBXNativeTarget section */
		23FEDD8D1DCEDE2900EE56AD /* Tutorial03 */ = {
			isa = PBXNativeTarget;
			buildConfigurationList = 23FEDDA51DCEDE2B00EE56AD /* Build configuration list for PBXNativeTarget "Tutorial03" */;
			buildPhases = (
				23FEDD8A1DCEDE2900EE56AD /* Sources */,
				23FEDD8B1DCEDE2900EE56AD /* Frameworks */,
				23FEDD8C1DCEDE2900EE56AD /* Resources */,
			);
			buildRules = (
			);
			dependencies = (
			);
			name = Tutorial03;
			productName = Tutorial03;
			productReference = 23FEDD8E1DCEDE2B00EE56AD /* Tutorial03.app */;
			productType = "com.apple.product-type.application";
		};
/* End PBXNativeTarget section */

/* Begin PBXProject section */
		23FEDD861DCEDE2900EE56AD /* Project object */ = {
			isa = PBXProject;
			attributes = {
				LastUpgradeCheck = 0810;
				ORGANIZATIONNAME = cyj;
				TargetAttributes = {
					23FEDD8D1DCEDE2900EE56AD = {
						CreatedOnToolsVersion = 8.1;
						DevelopmentTeam = QLZX6CW3EE;
						ProvisioningStyle = Automatic;
					};
				};
			};
			buildConfigurationList = 23FEDD891DCEDE2900EE56AD /* Build configuration list for PBXProject "Tutorial03" */;
			compatibilityVersion = "Xcode 3.2";
			developmentRegion = English;
			hasScannedForEncodings = 0;
			knownRegions = (
				en,
				Base,
			);
			mainGroup = 23FEDD851DCEDE2900EE56AD;
			productRefGroup = 23FEDD8F1DCEDE2B00EE56AD /* Products */;
			projectDirPath = "";
			projectRoot = "";
			targets = (
				23FEDD8D1DCEDE2900EE56AD /* Tutorial03 */,
			);
		};
/* End PBXProject section */

/* Begin PBXResourcesBuildPhase section */
		23FEDD8C1DCEDE2900EE56AD /* Resources */ = {
			isa = PBXResourcesBuildPhase;
			buildActionMask = 2147483647;
			files = (
				23FEDDA11DCEDE2B00EE56AD /* LaunchScreen.storyboard in Resources */,
				23FEDD9E1DCEDE2B00EE56AD /* Assets.xcassets in Resources */,
				23FEDDB11DCEE32900EE56AD /* VertexShader.glsl in Resources */,
				23FEDDAE1DCEE32900EE56AD /* FragmentShader.glsl in Resources */,
				23FEDD9C1DCEDE2B00EE56AD /* Main.storyboard in Resources */,
			);
			runOnlyForDeploymentPostprocessing = 0;
		};
/* End PBXResourcesBuildPhase section */

/* Begin PBXSourcesBuildPhase section */
		23FEDD8A1DCEDE2900EE56AD /* Sources */ = {
			isa = PBXSourcesBuildPhase;
			buildActionMask = 2147483647;
			files = (
				23FEDD991DCEDE2B00EE56AD /* ViewController.m in Sources */,
				23FEDD961DCEDE2B00EE56AD /* AppDelegate.m in Sources */,
				23FEDDAF1DCEE32900EE56AD /* GLESUtils.m in Sources */,
				23FEDD931DCEDE2B00EE56AD /* main.m in Sources */,
				23FEDDB41DCEFE0D00EE56AD /* ksMatrix.c in Sources */,
				23FEDDB71DCEFFEE00EE56AD /* ksVector.c in Sources */,
				23FEDDB01DCEE32900EE56AD /* OpenGLView.m in Sources */,
			);
			runOnlyForDeploymentPostprocessing = 0;
		};
/* End PBXSourcesBuildPhase section */

/* Begin PBXVariantGroup section */
		23FEDD9A1DCEDE2B00EE56AD /* Main.storyboard */ = {
			isa = PBXVariantGroup;
			children = (
				23FEDD9B1DCEDE2B00EE56AD /* Base */,
			);
			name = Main.storyboard;
			sourceTree = "<group>";
		};
		23FEDD9F1DCEDE2B00EE56AD /* LaunchScreen.storyboard */ = {
			isa = PBXVariantGroup;
			children = (
				23FEDDA01DCEDE2B00EE56AD /* Base */,
			);
			name = LaunchScreen.storyboard;
			sourceTree = "<group>";
		};
/* End PBXVariantGroup section */

/* Begin XCBuildConfiguration section */
		23FEDDA31DCEDE2B00EE56AD /* Debug */ = {
			isa = XCBuildConfiguration;
			buildSettings = {
				ALWAYS_SEARCH_USER_PATHS = NO;
				CLANG_ANALYZER_NONNULL = YES;
				CLANG_CXX_LANGUAGE_STANDARD = "gnu++0x";
				CLANG_CXX_LIBRARY = "libc++";
				CLANG_ENABLE_MODULES = YES;
				CLANG_ENABLE_OBJC_ARC = YES;
				CLANG_WARN_BOOL_CONVERSION = YES;
				CLANG_WARN_CONSTANT_CONVERSION = YES;
				CLANG_WARN_DIRECT_OBJC_ISA_USAGE = YES_ERROR;
				CLANG_WARN_DOCUMENTATION_COMMENTS = YES;
				CLANG_WARN_EMPTY_BODY = YES;
				CLANG_WARN_ENUM_CONVERSION = YES;
				CLANG_WARN_INFINITE_RECURSION = YES;
				CLANG_WARN_INT_CONVERSION = YES;
				CLANG_WARN_OBJC_ROOT_CLASS = YES_ERROR;
				CLANG_WARN_SUSPICIOUS_MOVES = YES;
				CLANG_WARN_UNREACHABLE_CODE = YES;
				CLANG_WARN__DUPLICATE_METHOD_MATCH = YES;
				"CODE_SIGN_IDENTITY[sdk=iphoneos*]" = "iPhone Developer";
				COPY_PHASE_STRIP = NO;
				DEBUG_INFORMATION_FORMAT = dwarf;
				ENABLE_STRICT_OBJC_MSGSEND = YES;
				ENABLE_TESTABILITY = YES;
				GCC_C_LANGUAGE_STANDARD = gnu99;
				GCC_DYNAMIC_NO_PIC = NO;
				GCC_NO_COMMON_BLOCKS = YES;
				GCC_OPTIMIZATION_LEVEL = 0;
				GCC_PREPROCESSOR_DEFINITIONS = (
					"DEBUG=1",
					"$(inherited)",
				);
				GCC_WARN_64_TO_32_BIT_CONVERSION = YES;
				GCC_WARN_ABOUT_RETURN_TYPE = YES_ERROR;
				GCC_WARN_UNDECLARED_SELECTOR = YES;
				GCC_WARN_UNINITIALIZED_AUTOS = YES_AGGRESSIVE;
				GCC_WARN_UNUSED_FUNCTION = YES;
				GCC_WARN_UNUSED_VARIABLE = YES;
				IPHONEOS_DEPLOYMENT_TARGET = 10.1;
				MTL_ENABLE_DEBUG_INFO = YES;
				ONLY_ACTIVE_ARCH = YES;
				SDKROOT = iphoneos;
			};
			name = Debug;
		};
		23FEDDA41DCEDE2B00EE56AD /* Release */ = {
			isa = XCBuildConfiguration;
			buildSettings = {
				ALWAYS_SEARCH_USER_PATHS = NO;
				CLANG_ANALYZER_NONNULL = YES;
				CLANG_CXX_LANGUAGE_STANDARD = "gnu++0x";
				CLANG_CXX_LIBRARY = "libc++";
				CLANG_ENABLE_MODULES = YES;
				CLANG_ENABLE_OBJC_ARC = YES;
				CLANG_WARN_BOOL_CONVERSION = YES;
				CLANG_WARN_CONSTANT_CONVERSION = YES;
				CLANG_WARN_DIRECT_OBJC_ISA_USAGE = YES_ERROR;
				CLANG_WARN_DOCUMENTATION_COMMENTS = YES;
				CLANG_WARN_EMPTY_BODY = YES;
				CLANG_WARN_ENUM_CONVERSION = YES;
				CLANG_WARN_INFINITE_RECURSION = YES;
				CLANG_WARN_INT_CONVERSION = YES;
				CLANG_WARN_OBJC_ROOT_CLASS = YES_ERROR;
				CLANG_WARN_SUSPICIOUS_MOVES = YES;
				CLANG_WARN_UNREACHABLE_CODE = YES;
				CLANG_WARN__DUPLICATE_METHOD_MATCH = YES;
				"CODE_SIGN_IDENTITY[sdk=iphoneos*]" = "iPhone Developer";
				COPY_PHASE_STRIP = NO;
				DEBUG_INFORMATION_FORMAT = "dwarf-with-dsym";
				ENABLE_NS_ASSERTIONS = NO;
				ENABLE_STRICT_OBJC_MSGSEND = YES;
				GCC_C_LANGUAGE_STANDARD = gnu99;
				GCC_NO_COMMON_BLOCKS = YES;
				GCC_WARN_64_TO_32_BIT_CONVERSION = YES;
				GCC_WARN_ABOUT_RETURN_TYPE = YES_ERROR;
				GCC_WARN_UNDECLARED_SELECTOR = YES;
				GCC_WARN_UNINITIALIZED_AUTOS = YES_AGGRESSIVE;
				GCC_WARN_UNUSED_FUNCTION = YES;
				GCC_WARN_UNUSED_VARIABLE = YES;
				IPHONEOS_DEPLOYMENT_TARGET = 10.1;
				MTL_ENABLE_DEBUG_INFO = NO;
				SDKROOT = iphoneos;
				VALIDATE_PRODUCT = YES;
			};
			name = Release;
		};
		23FEDDA61DCEDE2B00EE56AD /* Debug */ = {
			isa = XCBuildConfiguration;
			buildSettings = {
				ASSETCATALOG_COMPILER_APPICON_NAME = AppIcon;
				DEVELOPMENT_TEAM = QLZX6CW3EE;
				INFOPLIST_FILE = Tutorial03/Info.plist;
				LD_RUNPATH_SEARCH_PATHS = "$(inherited) @executable_path/Frameworks";
				PRODUCT_BUNDLE_IDENTIFIER = com.cyj.Tutorial03;
				PRODUCT_NAME = "$(TARGET_NAME)";
			};
			name = Debug;
		};
		23FEDDA71DCEDE2B00EE56AD /* Release */ = {
			isa = XCBuildConfiguration;
			buildSettings = {
				ASSETCATALOG_COMPILER_APPICON_NAME = AppIcon;
				DEVELOPMENT_TEAM = QLZX6CW3EE;
				INFOPLIST_FILE = Tutorial03/Info.plist;
				LD_RUNPATH_SEARCH_PATHS = "$(inherited) @executable_path/Frameworks";
				PRODUCT_BUNDLE_IDENTIFIER = com.cyj.Tutorial03;
				PRODUCT_NAME = "$(TARGET_NAME)";
			};
			name = Release;
		};
/* End XCBuildConfiguration section */

/* Begin XCConfigurationList section */
		23FEDD891DCEDE2900EE56AD /* Build configuration list for PBXProject "Tutorial03" */ = {
			isa = XCConfigurationList;
			buildConfigurations = (
				23FEDDA31DCEDE2B00EE56AD /* Debug */,
				23FEDDA41DCEDE2B00EE56AD /* Release */,
			);
			defaultConfigurationIsVisible = 0;
			defaultConfigurationName = Release;
		};
		23FEDDA51DCEDE2B00EE56AD /* Build configuration list for PBXNativeTarget "Tutorial03" */ = {
			isa = XCConfigurationList;
			buildConfigurations = (
				23FEDDA61DCEDE2B00EE56AD /* Debug */,
				23FEDDA71DCEDE2B00EE56AD /* Release */,
			);
			defaultConfigurationIsVisible = 0;
		};
/* End XCConfigurationList section */
	};
	rootObject = 23FEDD861DCEDE2900EE56AD /* Project object */;
}
