// !$*UTF8*$!
{
	archiveVersion = 1;
	classes = {
	};
	objectVersion = 46;
	objects = {

/* Begin PBXBuildFile section */
		2348F6081DEDBAFB008E3D56 /* OpenGLView.mm in Sources */ = {isa = PBXBuildFile; fileRef = 2348F5F41DEDBAFB008E3D56 /* OpenGLView.mm */; };
		2348F6091DEDBAFB008E3D56 /* FragmentShader.glsl in Resources */ = {isa = PBXBuildFile; fileRef = 2348F5F61DEDBAFB008E3D56 /* FragmentShader.glsl */; };
		2348F60A1DEDBAFB008E3D56 /* PerPixelFragment.glsl in Resources */ = {isa = PBXBuildFile; fileRef = 2348F5F71DEDBAFB008E3D56 /* PerPixelFragment.glsl */; };
		2348F60B1DEDBAFB008E3D56 /* PerPixelToonFragment.glsl in Resources */ = {isa = PBXBuildFile; fileRef = 2348F5F81DEDBAFB008E3D56 /* PerPixelToonFragment.glsl */; };
		2348F60C1DEDBAFB008E3D56 /* PerPixelVertex.glsl in Resources */ = {isa = PBXBuildFile; fileRef = 2348F5F91DEDBAFB008E3D56 /* PerPixelVertex.glsl */; };
		2348F60D1DEDBAFB008E3D56 /* VertexShader.glsl in Resources */ = {isa = PBXBuildFile; fileRef = 2348F5FA1DEDBAFB008E3D56 /* VertexShader.glsl */; };
		2348F60E1DEDBAFB008E3D56 /* Cube.cpp in Sources */ = {isa = PBXBuildFile; fileRef = 2348F5FC1DEDBAFB008E3D56 /* Cube.cpp */; };
		2348F60F1DEDBAFB008E3D56 /* ParametricSurface.cpp in Sources */ = {isa = PBXBuildFile; fileRef = 2348F5FF1DEDBAFB008E3D56 /* ParametricSurface.cpp */; };
		2348F6101DEDBAFB008E3D56 /* GLESMath.c in Sources */ = {isa = PBXBuildFile; fileRef = 2348F6021DEDBAFB008E3D56 /* GLESMath.c */; };
		2348F6111DEDBAFB008E3D56 /* GLESUtils.m in Sources */ = {isa = PBXBuildFile; fileRef = 2348F6051DEDBAFB008E3D56 /* GLESUtils.m */; };
		23A538801DEF0DE80094471B /* Ninja.obj in Resources */ = {isa = PBXBuildFile; fileRef = 23A5387E1DEF0DE80094471B /* Ninja.obj */; };
		23A538811DEF0DE80094471B /* Wizards_Hat.obj in Resources */ = {isa = PBXBuildFile; fileRef = 23A5387F1DEF0DE80094471B /* Wizards_Hat.obj */; };
		23A538841DEF0E420094471B /* ModelSurface.cpp in Sources */ = {isa = PBXBuildFile; fileRef = 23A538821DEF0E420094471B /* ModelSurface.cpp */; };
		23BABBAD1DEDB6D7003713FA /* main.m in Sources */ = {isa = PBXBuildFile; fileRef = 23BABBAC1DEDB6D7003713FA /* main.m */; };
		23BABBB01DEDB6D7003713FA /* AppDelegate.m in Sources */ = {isa = PBXBuildFile; fileRef = 23BABBAF1DEDB6D7003713FA /* AppDelegate.m */; };
		23BABBB31DEDB6D7003713FA /* ViewController.m in Sources */ = {isa = PBXBuildFile; fileRef = 23BABBB21DEDB6D7003713FA /* ViewController.m */; };
		23BABBB61DEDB6D7003713FA /* Main.storyboard in Resources */ = {isa = PBXBuildFile; fileRef = 23BABBB41DEDB6D7003713FA /* Main.storyboard */; };
		23BABBB81DEDB6D7003713FA /* Assets.xcassets in Resources */ = {isa = PBXBuildFile; fileRef = 23BABBB71DEDB6D7003713FA /* Assets.xcassets */; };
		23BABBBB1DEDB6D7003713FA /* LaunchScreen.storyboard in Resources */ = {isa = PBXBuildFile; fileRef = 23BABBB91DEDB6D7003713FA /* LaunchScreen.storyboard */; };
/* End PBXBuildFile section */

/* Begin PBXFileReference section */
		2348F5F31DEDBAFB008E3D56 /* OpenGLView.h */ = {isa = PBXFileReference; fileEncoding = 4; lastKnownFileType = sourcecode.c.h; path = OpenGLView.h; sourceTree = "<group>"; };
		2348F5F41DEDBAFB008E3D56 /* OpenGLView.mm */ = {isa = PBXFileReference; fileEncoding = 4; lastKnownFileType = sourcecode.cpp.objcpp; path = OpenGLView.mm; sourceTree = "<group>"; };
		2348F5F61DEDBAFB008E3D56 /* FragmentShader.glsl */ = {isa = PBXFileReference; fileEncoding = 4; lastKnownFileType = text; path = FragmentShader.glsl; sourceTree = "<group>"; };
		2348F5F71DEDBAFB008E3D56 /* PerPixelFragment.glsl */ = {isa = PBXFileReference; fileEncoding = 4; lastKnownFileType = text; path = PerPixelFragment.glsl; sourceTree = "<group>"; };
		2348F5F81DEDBAFB008E3D56 /* PerPixelToonFragment.glsl */ = {isa = PBXFileReference; fileEncoding = 4; lastKnownFileType = text; path = PerPixelToonFragment.glsl; sourceTree = "<group>"; };
		2348F5F91DEDBAFB008E3D56 /* PerPixelVertex.glsl */ = {isa = PBXFileReference; fileEncoding = 4; lastKnownFileType = text; path = PerPixelVertex.glsl; sourceTree = "<group>"; };
		2348F5FA1DEDBAFB008E3D56 /* VertexShader.glsl */ = {isa = PBXFileReference; fileEncoding = 4; lastKnownFileType = text; path = VertexShader.glsl; sourceTree = "<group>"; };
		2348F5FC1DEDBAFB008E3D56 /* Cube.cpp */ = {isa = PBXFileReference; fileEncoding = 4; lastKnownFileType = sourcecode.cpp.cpp; path = Cube.cpp; sourceTree = "<group>"; };
		2348F5FD1DEDBAFB008E3D56 /* Cube.h */ = {isa = PBXFileReference; fileEncoding = 4; lastKnownFileType = sourcecode.c.h; path = Cube.h; sourceTree = "<group>"; };
		2348F5FE1DEDBAFB008E3D56 /* ParametricEquations.h */ = {isa = PBXFileReference; fileEncoding = 4; lastKnownFileType = sourcecode.c.h; path = ParametricEquations.h; sourceTree = "<group>"; };
		2348F5FF1DEDBAFB008E3D56 /* ParametricSurface.cpp */ = {isa = PBXFileReference; fileEncoding = 4; lastKnownFileType = sourcecode.cpp.cpp; path = ParametricSurface.cpp; sourceTree = "<group>"; };
		2348F6001DEDBAFB008E3D56 /* ParametricSurface.h */ = {isa = PBXFileReference; fileEncoding = 4; lastKnownFileType = sourcecode.c.h; path = ParametricSurface.h; sourceTree = "<group>"; };
		2348F6021DEDBAFB008E3D56 /* GLESMath.c */ = {isa = PBXFileReference; fileEncoding = 4; lastKnownFileType = sourcecode.c.c; path = GLESMath.c; sourceTree = "<group>"; };
		2348F6031DEDBAFB008E3D56 /* GLESMath.h */ = {isa = PBXFileReference; fileEncoding = 4; lastKnownFileType = sourcecode.c.h; path = GLESMath.h; sourceTree = "<group>"; };
		2348F6041DEDBAFB008E3D56 /* GLESUtils.h */ = {isa = PBXFileReference; fileEncoding = 4; lastKnownFileType = sourcecode.c.h; path = GLESUtils.h; sourceTree = "<group>"; };
		2348F6051DEDBAFB008E3D56 /* GLESUtils.m */ = {isa = PBXFileReference; fileEncoding = 4; lastKnownFileType = sourcecode.c.objc; path = GLESUtils.m; sourceTree = "<group>"; };
		2348F6061DEDBAFB008E3D56 /* Quaternion.h */ = {isa = PBXFileReference; fileEncoding = 4; lastKnownFileType = sourcecode.c.h; path = Quaternion.h; sourceTree = "<group>"; };
		2348F6071DEDBAFB008E3D56 /* Vector.h */ = {isa = PBXFileReference; fileEncoding = 4; lastKnownFileType = sourcecode.c.h; path = Vector.h; sourceTree = "<group>"; };
		23A5387E1DEF0DE80094471B /* Ninja.obj */ = {isa = PBXFileReference; fileEncoding = 4; lastKnownFileType = text; path = Ninja.obj; sourceTree = "<group>"; };
		23A5387F1DEF0DE80094471B /* Wizards_Hat.obj */ = {isa = PBXFileReference; fileEncoding = 4; lastKnownFileType = text; path = Wizards_Hat.obj; sourceTree = "<group>"; };
		23A538821DEF0E420094471B /* ModelSurface.cpp */ = {isa = PBXFileReference; fileEncoding = 4; lastKnownFileType = sourcecode.cpp.cpp; path = ModelSurface.cpp; sourceTree = "<group>"; };
		23A538831DEF0E420094471B /* ModelSurface.h */ = {isa = PBXFileReference; fileEncoding = 4; lastKnownFileType = sourcecode.c.h; path = ModelSurface.h; sourceTree = "<group>"; };
		23BABBA81DEDB6D7003713FA /* Tutorial09.app */ = {isa = PBXFileReference; explicitFileType = wrapper.application; includeInIndex = 0; path = Tutorial09.app; sourceTree = BUILT_PRODUCTS_DIR; };
		23BABBAC1DEDB6D7003713FA /* main.m */ = {isa = PBXFileReference; lastKnownFileType = sourcecode.c.objc; path = main.m; sourceTree = "<group>"; };
		23BABBAE1DEDB6D7003713FA /* AppDelegate.h */ = {isa = PBXFileReference; lastKnownFileType = sourcecode.c.h; path = AppDelegate.h; sourceTree = "<group>"; };
		23BABBAF1DEDB6D7003713FA /* AppDelegate.m */ = {isa = PBXFileReference; lastKnownFileType = sourcecode.c.objc; path = AppDelegate.m; sourceTree = "<group>"; };
		23BABBB11DEDB6D7003713FA /* ViewController.h */ = {isa = PBXFileReference; lastKnownFileType = sourcecode.c.h; path = ViewController.h; sourceTree = "<group>"; };
		23BABBB21DEDB6D7003713FA /* ViewController.m */ = {isa = PBXFileReference; lastKnownFileType = sourcecode.c.objc; path = ViewController.m; sourceTree = "<group>"; };
		23BABBB51DEDB6D7003713FA /* Base */ = {isa = PBXFileReference; lastKnownFileType = file.storyboard; name = Base; path = Base.lproj/Main.storyboard; sourceTree = "<group>"; };
		23BABBB71DEDB6D7003713FA /* Assets.xcassets */ = {isa = PBXFileReference; lastKnownFileType = folder.assetcatalog; path = Assets.xcassets; sourceTree = "<group>"; };
		23BABBBA1DEDB6D7003713FA /* Base */ = {isa = PBXFileReference; lastKnownFileType = file.storyboard; name = Base; path = Base.lproj/LaunchScreen.storyboard; sourceTree = "<group>"; };
		23BABBBC1DEDB6D7003713FA /* Info.plist */ = {isa = PBXFileReference; lastKnownFileType = text.plist.xml; path = Info.plist; sourceTree = "<group>"; };
/* End PBXFileReference section */

/* Begin PBXFrameworksBuildPhase section */
		23BABBA51DEDB6D6003713FA /* Frameworks */ = {
			isa = PBXFrameworksBuildPhase;
			buildActionMask = 2147483647;
			files = (
			);
			runOnlyForDeploymentPostprocessing = 0;
		};
/* End PBXFrameworksBuildPhase section */

/* Begin PBXGroup section */
		2348F5F51DEDBAFB008E3D56 /* Shader */ = {
			isa = PBXGroup;
			children = (
				2348F5F61DEDBAFB008E3D56 /* FragmentShader.glsl */,
				2348F5F71DEDBAFB008E3D56 /* PerPixelFragment.glsl */,
				2348F5F81DEDBAFB008E3D56 /* PerPixelToonFragment.glsl */,
				2348F5F91DEDBAFB008E3D56 /* PerPixelVertex.glsl */,
				2348F5FA1DEDBAFB008E3D56 /* VertexShader.glsl */,
			);
			path = Shader;
			sourceTree = "<group>";
		};
		2348F5FB1DEDBAFB008E3D56 /* Surface */ = {
			isa = PBXGroup;
			children = (
				23A538821DEF0E420094471B /* ModelSurface.cpp */,
				23A538831DEF0E420094471B /* ModelSurface.h */,
				2348F5FC1DEDBAFB008E3D56 /* Cube.cpp */,
				2348F5FD1DEDBAFB008E3D56 /* Cube.h */,
				2348F5FE1DEDBAFB008E3D56 /* ParametricEquations.h */,
				2348F5FF1DEDBAFB008E3D56 /* ParametricSurface.cpp */,
				2348F6001DEDBAFB008E3D56 /* ParametricSurface.h */,
			);
			path = Surface;
			sourceTree = "<group>";
		};
		2348F6011DEDBAFB008E3D56 /* Utils */ = {
			isa = PBXGroup;
			children = (
				2348F6021DEDBAFB008E3D56 /* GLESMath.c */,
				2348F6031DEDBAFB008E3D56 /* GLESMath.h */,
				2348F6041DEDBAFB008E3D56 /* GLESUtils.h */,
				2348F6051DEDBAFB008E3D56 /* GLESUtils.m */,
				2348F6061DEDBAFB008E3D56 /* Quaternion.h */,
				2348F6071DEDBAFB008E3D56 /* Vector.h */,
			);
			path = Utils;
			sourceTree = "<group>";
		};
		23A5387D1DEF0DE80094471B /* Model */ = {
			isa = PBXGroup;
			children = (
				23A5387E1DEF0DE80094471B /* Ninja.obj */,
				23A5387F1DEF0DE80094471B /* Wizards_Hat.obj */,
			);
			path = Model;
			sourceTree = "<group>";
		};
		23BABB9F1DEDB6D6003713FA = {
			isa = PBXGroup;
			children = (
				23BABBAA1DEDB6D7003713FA /* Tutorial09 */,
				23BABBA91DEDB6D7003713FA /* Products */,
			);
			sourceTree = "<group>";
		};
		23BABBA91DEDB6D7003713FA /* Products */ = {
			isa = PBXGroup;
			children = (
				23BABBA81DEDB6D7003713FA /* Tutorial09.app */,
			);
			name = Products;
			sourceTree = "<group>";
		};
		23BABBAA1DEDB6D7003713FA /* Tutorial09 */ = {
			isa = PBXGroup;
			children = (
				23A5387D1DEF0DE80094471B /* Model */,
				2348F5F31DEDBAFB008E3D56 /* OpenGLView.h */,
				2348F5F41DEDBAFB008E3D56 /* OpenGLView.mm */,
				2348F5F51DEDBAFB008E3D56 /* Shader */,
				2348F5FB1DEDBAFB008E3D56 /* Surface */,
				2348F6011DEDBAFB008E3D56 /* Utils */,
				23BABBAE1DEDB6D7003713FA /* AppDelegate.h */,
				23BABBAF1DEDB6D7003713FA /* AppDelegate.m */,
				23BABBB11DEDB6D7003713FA /* ViewController.h */,
				23BABBB21DEDB6D7003713FA /* ViewController.m */,
				23BABBB41DEDB6D7003713FA /* Main.storyboard */,
				23BABBB71DEDB6D7003713FA /* Assets.xcassets */,
				23BABBB91DEDB6D7003713FA /* LaunchScreen.storyboard */,
				23BABBBC1DEDB6D7003713FA /* Info.plist */,
				23BABBAB1DEDB6D7003713FA /* Supporting Files */,
			);
			path = Tutorial09;
			sourceTree = "<group>";
		};
		23BABBAB1DEDB6D7003713FA /* Supporting Files */ = {
			isa = PBXGroup;
			children = (
				23BABBAC1DEDB6D7003713FA /* main.m */,
			);
			name = "Supporting Files";
			sourceTree = "<group>";
		};
/* End PBXGroup section */

/* Begin PBXNativeTarget section */
		23BABBA71DEDB6D6003713FA /* Tutorial09 */ = {
			isa = PBXNativeTarget;
			buildConfigurationList = 23BABBBF1DEDB6D7003713FA /* Build configuration list for PBXNativeTarget "Tutorial09" */;
			buildPhases = (
				23BABBA41DEDB6D6003713FA /* Sources */,
				23BABBA51DEDB6D6003713FA /* Frameworks */,
				23BABBA61DEDB6D6003713FA /* Resources */,
			);
			buildRules = (
			);
			dependencies = (
			);
			name = Tutorial09;
			productName = Tutorial09;
			productReference = 23BABBA81DEDB6D7003713FA /* Tutorial09.app */;
			productType = "com.apple.product-type.application";
		};
/* End PBXNativeTarget section */

/* Begin PBXProject section */
		23BABBA01DEDB6D6003713FA /* Project object */ = {
			isa = PBXProject;
			attributes = {
				LastUpgradeCheck = 0810;
				ORGANIZATIONNAME = cyj;
				TargetAttributes = {
					23BABBA71DEDB6D6003713FA = {
						CreatedOnToolsVersion = 8.1;
						DevelopmentTeam = QLZX6CW3EE;
						ProvisioningStyle = Automatic;
					};
				};
			};
			buildConfigurationList = 23BABBA31DEDB6D6003713FA /* Build configuration list for PBXProject "Tutorial09" */;
			compatibilityVersion = "Xcode 3.2";
			developmentRegion = English;
			hasScannedForEncodings = 0;
			knownRegions = (
				en,
				Base,
			);
			mainGroup = 23BABB9F1DEDB6D6003713FA;
			productRefGroup = 23BABBA91DEDB6D7003713FA /* Products */;
			projectDirPath = "";
			projectRoot = "";
			targets = (
				23BABBA71DEDB6D6003713FA /* Tutorial09 */,
			);
		};
/* End PBXProject section */

/* Begin PBXResourcesBuildPhase section */
		23BABBA61DEDB6D6003713FA /* Resources */ = {
			isa = PBXResourcesBuildPhase;
			buildActionMask = 2147483647;
			files = (
				23A538811DEF0DE80094471B /* Wizards_Hat.obj in Resources */,
				23BABBBB1DEDB6D7003713FA /* LaunchScreen.storyboard in Resources */,
				2348F60C1DEDBAFB008E3D56 /* PerPixelVertex.glsl in Resources */,
				23BABBB81DEDB6D7003713FA /* Assets.xcassets in Resources */,
				2348F60B1DEDBAFB008E3D56 /* PerPixelToonFragment.glsl in Resources */,
				2348F6091DEDBAFB008E3D56 /* FragmentShader.glsl in Resources */,
				23BABBB61DEDB6D7003713FA /* Main.storyboard in Resources */,
				2348F60D1DEDBAFB008E3D56 /* VertexShader.glsl in Resources */,
				23A538801DEF0DE80094471B /* Ninja.obj in Resources */,
				2348F60A1DEDBAFB008E3D56 /* PerPixelFragment.glsl in Resources */,
			);
			runOnlyForDeploymentPostprocessing = 0;
		};
/* End PBXResourcesBuildPhase section */

/* Begin PBXSourcesBuildPhase section */
		23BABBA41DEDB6D6003713FA /* Sources */ = {
			isa = PBXSourcesBuildPhase;
			buildActionMask = 2147483647;
			files = (
				23BABBB31DEDB6D7003713FA /* ViewController.m in Sources */,
				2348F60F1DEDBAFB008E3D56 /* ParametricSurface.cpp in Sources */,
				2348F6111DEDBAFB008E3D56 /* GLESUtils.m in Sources */,
				23A538841DEF0E420094471B /* ModelSurface.cpp in Sources */,
				2348F6101DEDBAFB008E3D56 /* GLESMath.c in Sources */,
				2348F6081DEDBAFB008E3D56 /* OpenGLView.mm in Sources */,
				23BABBB01DEDB6D7003713FA /* AppDelegate.m in Sources */,
				23BABBAD1DEDB6D7003713FA /* main.m in Sources */,
				2348F60E1DEDBAFB008E3D56 /* Cube.cpp in Sources */,
			);
			runOnlyForDeploymentPostprocessing = 0;
		};
/* End PBXSourcesBuildPhase section */

/* Begin PBXVariantGroup section */
		23BABBB41DEDB6D7003713FA /* Main.storyboard */ = {
			isa = PBXVariantGroup;
			children = (
				23BABBB51DEDB6D7003713FA /* Base */,
			);
			name = Main.storyboard;
			sourceTree = "<group>";
		};
		23BABBB91DEDB6D7003713FA /* LaunchScreen.storyboard */ = {
			isa = PBXVariantGroup;
			children = (
				23BABBBA1DEDB6D7003713FA /* Base */,
			);
			name = LaunchScreen.storyboard;
			sourceTree = "<group>";
		};
/* End PBXVariantGroup section */

/* Begin XCBuildConfiguration section */
		23BABBBD1DEDB6D7003713FA /* Debug */ = {
			isa = XCBuildConfiguration;
			buildSettings = {
				ALWAYS_SEARCH_USER_PATHS = NO;
				CLANG_ANALYZER_NONNULL = YES;
				CLANG_CXX_LANGUAGE_STANDARD = "gnu++0x";
				CLANG_CXX_LIBRARY = "libc++";
				CLANG_ENABLE_MODULES = YES;
				CLANG_ENABLE_OBJC_ARC = YES;
				CLANG_WARN_BOOL_CONVERSION = YES;
				CLANG_WARN_CONSTANT_CONVERSION = YES;
				CLANG_WARN_DIRECT_OBJC_ISA_USAGE = YES_ERROR;
				CLANG_WARN_DOCUMENTATION_COMMENTS = YES;
				CLANG_WARN_EMPTY_BODY = YES;
				CLANG_WARN_ENUM_CONVERSION = YES;
				CLANG_WARN_INFINITE_RECURSION = YES;
				CLANG_WARN_INT_CONVERSION = YES;
				CLANG_WARN_OBJC_ROOT_CLASS = YES_ERROR;
				CLANG_WARN_SUSPICIOUS_MOVES = YES;
				CLANG_WARN_UNREACHABLE_CODE = YES;
				CLANG_WARN__DUPLICATE_METHOD_MATCH = YES;
				"CODE_SIGN_IDENTITY[sdk=iphoneos*]" = "iPhone Developer";
				COPY_PHASE_STRIP = NO;
				DEBUG_INFORMATION_FORMAT = dwarf;
				ENABLE_STRICT_OBJC_MSGSEND = YES;
				ENABLE_TESTABILITY = YES;
				GCC_C_LANGUAGE_STANDARD = gnu99;
				GCC_DYNAMIC_NO_PIC = NO;
				GCC_NO_COMMON_BLOCKS = YES;
				GCC_OPTIMIZATION_LEVEL = 0;
				GCC_PREPROCESSOR_DEFINITIONS = (
					"DEBUG=1",
					"$(inherited)",
				);
				GCC_WARN_64_TO_32_BIT_CONVERSION = YES;
				GCC_WARN_ABOUT_RETURN_TYPE = YES_ERROR;
				GCC_WARN_UNDECLARED_SELECTOR = YES;
				GCC_WARN_UNINITIALIZED_AUTOS = YES_AGGRESSIVE;
				GCC_WARN_UNUSED_FUNCTION = YES;
				GCC_WARN_UNUSED_VARIABLE = YES;
				IPHONEOS_DEPLOYMENT_TARGET = 10.1;
				MTL_ENABLE_DEBUG_INFO = YES;
				ONLY_ACTIVE_ARCH = YES;
				SDKROOT = iphoneos;
			};
			name = Debug;
		};
		23BABBBE1DEDB6D7003713FA /* Release */ = {
			isa = XCBuildConfiguration;
			buildSettings = {
				ALWAYS_SEARCH_USER_PATHS = NO;
				CLANG_ANALYZER_NONNULL = YES;
				CLANG_CXX_LANGUAGE_STANDARD = "gnu++0x";
				CLANG_CXX_LIBRARY = "libc++";
				CLANG_ENABLE_MODULES = YES;
				CLANG_ENABLE_OBJC_ARC = YES;
				CLANG_WARN_BOOL_CONVERSION = YES;
				CLANG_WARN_CONSTANT_CONVERSION = YES;
				CLANG_WARN_DIRECT_OBJC_ISA_USAGE = YES_ERROR;
				CLANG_WARN_DOCUMENTATION_COMMENTS = YES;
				CLANG_WARN_EMPTY_BODY = YES;
				CLANG_WARN_ENUM_CONVERSION = YES;
				CLANG_WARN_INFINITE_RECURSION = YES;
				CLANG_WARN_INT_CONVERSION = YES;
				CLANG_WARN_OBJC_ROOT_CLASS = YES_ERROR;
				CLANG_WARN_SUSPICIOUS_MOVES = YES;
				CLANG_WARN_UNREACHABLE_CODE = YES;
				CLANG_WARN__DUPLICATE_METHOD_MATCH = YES;
				"CODE_SIGN_IDENTITY[sdk=iphoneos*]" = "iPhone Developer";
				COPY_PHASE_STRIP = NO;
				DEBUG_INFORMATION_FORMAT = "dwarf-with-dsym";
				ENABLE_NS_ASSERTIONS = NO;
				ENABLE_STRICT_OBJC_MSGSEND = YES;
				GCC_C_LANGUAGE_STANDARD = gnu99;
				GCC_NO_COMMON_BLOCKS = YES;
				GCC_WARN_64_TO_32_BIT_CONVERSION = YES;
				GCC_WARN_ABOUT_RETURN_TYPE = YES_ERROR;
				GCC_WARN_UNDECLARED_SELECTOR = YES;
				GCC_WARN_UNINITIALIZED_AUTOS = YES_AGGRESSIVE;
				GCC_WARN_UNUSED_FUNCTION = YES;
				GCC_WARN_UNUSED_VARIABLE = YES;
				IPHONEOS_DEPLOYMENT_TARGET = 10.1;
				MTL_ENABLE_DEBUG_INFO = NO;
				SDKROOT = iphoneos;
				VALIDATE_PRODUCT = YES;
			};
			name = Release;
		};
		23BABBC01DEDB6D7003713FA /* Debug */ = {
			isa = XCBuildConfiguration;
			buildSettings = {
				ASSETCATALOG_COMPILER_APPICON_NAME = AppIcon;
				DEVELOPMENT_TEAM = QLZX6CW3EE;
				INFOPLIST_FILE = Tutorial09/Info.plist;
				LD_RUNPATH_SEARCH_PATHS = "$(inherited) @executable_path/Frameworks";
				PRODUCT_BUNDLE_IDENTIFIER = com.cyj.Tutorial09;
				PRODUCT_NAME = "$(TARGET_NAME)";
			};
			name = Debug;
		};
		23BABBC11DEDB6D7003713FA /* Release */ = {
			isa = XCBuildConfiguration;
			buildSettings = {
				ASSETCATALOG_COMPILER_APPICON_NAME = AppIcon;
				DEVELOPMENT_TEAM = QLZX6CW3EE;
				INFOPLIST_FILE = Tutorial09/Info.plist;
				LD_RUNPATH_SEARCH_PATHS = "$(inherited) @executable_path/Frameworks";
				PRODUCT_BUNDLE_IDENTIFIER = com.cyj.Tutorial09;
				PRODUCT_NAME = "$(TARGET_NAME)";
			};
			name = Release;
		};
/* End XCBuildConfiguration section */

/* Begin XCConfigurationList section */
		23BABBA31DEDB6D6003713FA /* Build configuration list for PBXProject "Tutorial09" */ = {
			isa = XCConfigurationList;
			buildConfigurations = (
				23BABBBD1DEDB6D7003713FA /* Debug */,
				23BABBBE1DEDB6D7003713FA /* Release */,
			);
			defaultConfigurationIsVisible = 0;
			defaultConfigurationName = Release;
		};
		23BABBBF1DEDB6D7003713FA /* Build configuration list for PBXNativeTarget "Tutorial09" */ = {
			isa = XCConfigurationList;
			buildConfigurations = (
				23BABBC01DEDB6D7003713FA /* Debug */,
				23BABBC11DEDB6D7003713FA /* Release */,
			);
			defaultConfigurationIsVisible = 0;
			defaultConfigurationName = Release;
		};
/* End XCConfigurationList section */
	};
	rootObject = 23BABBA01DEDB6D6003713FA /* Project object */;
}
