// !$*UTF8*$!
{
	archiveVersion = 1;
	classes = {
	};
	objectVersion = 46;
	objects = {

/* Begin PBXBuildFile section */
		2319756B1DE481C600D60122 /* PerPixelVertex.glsl in Resources */ = {isa = PBXBuildFile; fileRef = 2319756A1DE481C600D60122 /* PerPixelVertex.glsl */; };
		2319756D1DE4821A00D60122 /* PerPixelFragment.glsl in Resources */ = {isa = PBXBuildFile; fileRef = 2319756C1DE4821A00D60122 /* PerPixelFragment.glsl */; };
		2374E18A1DE4768200706ACA /* main.m in Sources */ = {isa = PBXBuildFile; fileRef = 2374E1891DE4768200706ACA /* main.m */; };
		2374E18D1DE4768200706ACA /* AppDelegate.m in Sources */ = {isa = PBXBuildFile; fileRef = 2374E18C1DE4768200706ACA /* AppDelegate.m */; };
		2374E1901DE4768200706ACA /* ViewController.m in Sources */ = {isa = PBXBuildFile; fileRef = 2374E18F1DE4768200706ACA /* ViewController.m */; };
		2374E1951DE4768200706ACA /* Assets.xcassets in Resources */ = {isa = PBXBuildFile; fileRef = 2374E1941DE4768200706ACA /* Assets.xcassets */; };
		2374E1981DE4768200706ACA /* LaunchScreen.storyboard in Resources */ = {isa = PBXBuildFile; fileRef = 2374E1961DE4768200706ACA /* LaunchScreen.storyboard */; };
		239C9A5D1DE47BC300FA5A82 /* OpenGLView.mm in Sources */ = {isa = PBXBuildFile; fileRef = 239C9A4C1DE47BC300FA5A82 /* OpenGLView.mm */; };
		239C9A5E1DE47BC300FA5A82 /* FragmentShader.glsl in Resources */ = {isa = PBXBuildFile; fileRef = 239C9A4E1DE47BC300FA5A82 /* FragmentShader.glsl */; };
		239C9A5F1DE47BC300FA5A82 /* VertexShader.glsl in Resources */ = {isa = PBXBuildFile; fileRef = 239C9A4F1DE47BC300FA5A82 /* VertexShader.glsl */; };
		239C9A601DE47BC300FA5A82 /* Cube.cpp in Sources */ = {isa = PBXBuildFile; fileRef = 239C9A511DE47BC300FA5A82 /* Cube.cpp */; };
		239C9A611DE47BC300FA5A82 /* ParametricSurface.cpp in Sources */ = {isa = PBXBuildFile; fileRef = 239C9A541DE47BC300FA5A82 /* ParametricSurface.cpp */; };
		239C9A621DE47BC300FA5A82 /* GLESMath.c in Sources */ = {isa = PBXBuildFile; fileRef = 239C9A571DE47BC300FA5A82 /* GLESMath.c */; };
		239C9A631DE47BC300FA5A82 /* GLESUtils.m in Sources */ = {isa = PBXBuildFile; fileRef = 239C9A5A1DE47BC300FA5A82 /* GLESUtils.m */; };
		239C9A661DE47CA300FA5A82 /* Main.storyboard in Resources */ = {isa = PBXBuildFile; fileRef = 239C9A641DE47CA300FA5A82 /* Main.storyboard */; };
/* End PBXBuildFile section */

/* Begin PBXFileReference section */
		2319756A1DE481C600D60122 /* PerPixelVertex.glsl */ = {isa = PBXFileReference; fileEncoding = 4; lastKnownFileType = text; path = PerPixelVertex.glsl; sourceTree = "<group>"; };
		2319756C1DE4821A00D60122 /* PerPixelFragment.glsl */ = {isa = PBXFileReference; fileEncoding = 4; lastKnownFileType = text; path = PerPixelFragment.glsl; sourceTree = "<group>"; };
		2374E1851DE4768200706ACA /* Tutorial08.app */ = {isa = PBXFileReference; explicitFileType = wrapper.application; includeInIndex = 0; path = Tutorial08.app; sourceTree = BUILT_PRODUCTS_DIR; };
		2374E1891DE4768200706ACA /* main.m */ = {isa = PBXFileReference; lastKnownFileType = sourcecode.c.objc; path = main.m; sourceTree = "<group>"; };
		2374E18B1DE4768200706ACA /* AppDelegate.h */ = {isa = PBXFileReference; lastKnownFileType = sourcecode.c.h; path = AppDelegate.h; sourceTree = "<group>"; };
		2374E18C1DE4768200706ACA /* AppDelegate.m */ = {isa = PBXFileReference; lastKnownFileType = sourcecode.c.objc; path = AppDelegate.m; sourceTree = "<group>"; };
		2374E18E1DE4768200706ACA /* ViewController.h */ = {isa = PBXFileReference; lastKnownFileType = sourcecode.c.h; path = ViewController.h; sourceTree = "<group>"; };
		2374E18F1DE4768200706ACA /* ViewController.m */ = {isa = PBXFileReference; lastKnownFileType = sourcecode.c.objc; path = ViewController.m; sourceTree = "<group>"; };
		2374E1941DE4768200706ACA /* Assets.xcassets */ = {isa = PBXFileReference; lastKnownFileType = folder.assetcatalog; path = Assets.xcassets; sourceTree = "<group>"; };
		2374E1971DE4768200706ACA /* Base */ = {isa = PBXFileReference; lastKnownFileType = file.storyboard; name = Base; path = Base.lproj/LaunchScreen.storyboard; sourceTree = "<group>"; };
		2374E1991DE4768200706ACA /* Info.plist */ = {isa = PBXFileReference; lastKnownFileType = text.plist.xml; path = Info.plist; sourceTree = "<group>"; };
		239C9A4B1DE47BC300FA5A82 /* OpenGLView.h */ = {isa = PBXFileReference; fileEncoding = 4; lastKnownFileType = sourcecode.c.h; path = OpenGLView.h; sourceTree = "<group>"; };
		239C9A4C1DE47BC300FA5A82 /* OpenGLView.mm */ = {isa = PBXFileReference; fileEncoding = 4; lastKnownFileType = sourcecode.cpp.objcpp; path = OpenGLView.mm; sourceTree = "<group>"; };
		239C9A4E1DE47BC300FA5A82 /* FragmentShader.glsl */ = {isa = PBXFileReference; fileEncoding = 4; lastKnownFileType = text; path = FragmentShader.glsl; sourceTree = "<group>"; };
		239C9A4F1DE47BC300FA5A82 /* VertexShader.glsl */ = {isa = PBXFileReference; fileEncoding = 4; lastKnownFileType = text; path = VertexShader.glsl; sourceTree = "<group>"; };
		239C9A511DE47BC300FA5A82 /* Cube.cpp */ = {isa = PBXFileReference; fileEncoding = 4; lastKnownFileType = sourcecode.cpp.cpp; path = Cube.cpp; sourceTree = "<group>"; };
		239C9A521DE47BC300FA5A82 /* Cube.h */ = {isa = PBXFileReference; fileEncoding = 4; lastKnownFileType = sourcecode.c.h; path = Cube.h; sourceTree = "<group>"; };
		239C9A531DE47BC300FA5A82 /* ParametricEquations.h */ = {isa = PBXFileReference; fileEncoding = 4; lastKnownFileType = sourcecode.c.h; path = ParametricEquations.h; sourceTree = "<group>"; };
		239C9A541DE47BC300FA5A82 /* ParametricSurface.cpp */ = {isa = PBXFileReference; fileEncoding = 4; lastKnownFileType = sourcecode.cpp.cpp; path = ParametricSurface.cpp; sourceTree = "<group>"; };
		239C9A551DE47BC300FA5A82 /* ParametricSurface.h */ = {isa = PBXFileReference; fileEncoding = 4; lastKnownFileType = sourcecode.c.h; path = ParametricSurface.h; sourceTree = "<group>"; };
		239C9A571DE47BC300FA5A82 /* GLESMath.c */ = {isa = PBXFileReference; fileEncoding = 4; lastKnownFileType = sourcecode.c.c; path = GLESMath.c; sourceTree = "<group>"; };
		239C9A581DE47BC300FA5A82 /* GLESMath.h */ = {isa = PBXFileReference; fileEncoding = 4; lastKnownFileType = sourcecode.c.h; path = GLESMath.h; sourceTree = "<group>"; };
		239C9A591DE47BC300FA5A82 /* GLESUtils.h */ = {isa = PBXFileReference; fileEncoding = 4; lastKnownFileType = sourcecode.c.h; path = GLESUtils.h; sourceTree = "<group>"; };
		239C9A5A1DE47BC300FA5A82 /* GLESUtils.m */ = {isa = PBXFileReference; fileEncoding = 4; lastKnownFileType = sourcecode.c.objc; path = GLESUtils.m; sourceTree = "<group>"; };
		239C9A5B1DE47BC300FA5A82 /* Quaternion.h */ = {isa = PBXFileReference; fileEncoding = 4; lastKnownFileType = sourcecode.c.h; path = Quaternion.h; sourceTree = "<group>"; };
		239C9A5C1DE47BC300FA5A82 /* Vector.h */ = {isa = PBXFileReference; fileEncoding = 4; lastKnownFileType = sourcecode.c.h; path = Vector.h; sourceTree = "<group>"; };
		239C9A651DE47CA300FA5A82 /* Base */ = {isa = PBXFileReference; lastKnownFileType = file.storyboard; name = Base; path = Base.lproj/Main.storyboard; sourceTree = "<group>"; };
/* End PBXFileReference section */

/* Begin PBXFrameworksBuildPhase section */
		2374E1821DE4768100706ACA /* Frameworks */ = {
			isa = PBXFrameworksBuildPhase;
			buildActionMask = 2147483647;
			files = (
			);
			runOnlyForDeploymentPostprocessing = 0;
		};
/* End PBXFrameworksBuildPhase section */

/* Begin PBXGroup section */
		2374E17C1DE4768100706ACA = {
			isa = PBXGroup;
			children = (
				2374E1871DE4768200706ACA /* Tutorial08 */,
				2374E1861DE4768200706ACA /* Products */,
			);
			sourceTree = "<group>";
		};
		2374E1861DE4768200706ACA /* Products */ = {
			isa = PBXGroup;
			children = (
				2374E1851DE4768200706ACA /* Tutorial08.app */,
			);
			name = Products;
			sourceTree = "<group>";
		};
		2374E1871DE4768200706ACA /* Tutorial08 */ = {
			isa = PBXGroup;
			children = (
				239C9A4B1DE47BC300FA5A82 /* OpenGLView.h */,
				239C9A4C1DE47BC300FA5A82 /* OpenGLView.mm */,
				239C9A4D1DE47BC300FA5A82 /* Shader */,
				239C9A501DE47BC300FA5A82 /* Surface */,
				239C9A561DE47BC300FA5A82 /* Utils */,
				2374E18B1DE4768200706ACA /* AppDelegate.h */,
				2374E18C1DE4768200706ACA /* AppDelegate.m */,
				2374E18E1DE4768200706ACA /* ViewController.h */,
				2374E18F1DE4768200706ACA /* ViewController.m */,
				2374E1941DE4768200706ACA /* Assets.xcassets */,
				239C9A641DE47CA300FA5A82 /* Main.storyboard */,
				2374E1961DE4768200706ACA /* LaunchScreen.storyboard */,
				2374E1991DE4768200706ACA /* Info.plist */,
				2374E1881DE4768200706ACA /* Supporting Files */,
			);
			path = Tutorial08;
			sourceTree = "<group>";
		};
		2374E1881DE4768200706ACA /* Supporting Files */ = {
			isa = PBXGroup;
			children = (
				2374E1891DE4768200706ACA /* main.m */,
			);
			name = "Supporting Files";
			sourceTree = "<group>";
		};
		239C9A4D1DE47BC300FA5A82 /* Shader */ = {
			isa = PBXGroup;
			children = (
				2319756C1DE4821A00D60122 /* PerPixelFragment.glsl */,
				2319756A1DE481C600D60122 /* PerPixelVertex.glsl */,
				239C9A4E1DE47BC300FA5A82 /* FragmentShader.glsl */,
				239C9A4F1DE47BC300FA5A82 /* VertexShader.glsl */,
			);
			path = Shader;
			sourceTree = "<group>";
		};
		239C9A501DE47BC300FA5A82 /* Surface */ = {
			isa = PBXGroup;
			children = (
				239C9A511DE47BC300FA5A82 /* Cube.cpp */,
				239C9A521DE47BC300FA5A82 /* Cube.h */,
				239C9A531DE47BC300FA5A82 /* ParametricEquations.h */,
				239C9A541DE47BC300FA5A82 /* ParametricSurface.cpp */,
				239C9A551DE47BC300FA5A82 /* ParametricSurface.h */,
			);
			path = Surface;
			sourceTree = "<group>";
		};
		239C9A561DE47BC300FA5A82 /* Utils */ = {
			isa = PBXGroup;
			children = (
				239C9A571DE47BC300FA5A82 /* GLESMath.c */,
				239C9A581DE47BC300FA5A82 /* GLESMath.h */,
				239C9A591DE47BC300FA5A82 /* GLESUtils.h */,
				239C9A5A1DE47BC300FA5A82 /* GLESUtils.m */,
				239C9A5B1DE47BC300FA5A82 /* Quaternion.h */,
				239C9A5C1DE47BC300FA5A82 /* Vector.h */,
			);
			path = Utils;
			sourceTree = "<group>";
		};
/* End PBXGroup section */

/* Begin PBXNativeTarget section */
		2374E1841DE4768100706ACA /* Tutorial08 */ = {
			isa = PBXNativeTarget;
			buildConfigurationList = 2374E19C1DE4768200706ACA /* Build configuration list for PBXNativeTarget "Tutorial08" */;
			buildPhases = (
				2374E1811DE4768100706ACA /* Sources */,
				2374E1821DE4768100706ACA /* Frameworks */,
				2374E1831DE4768100706ACA /* Resources */,
			);
			buildRules = (
			);
			dependencies = (
			);
			name = Tutorial08;
			productName = Tutorial08;
			productReference = 2374E1851DE4768200706ACA /* Tutorial08.app */;
			productType = "com.apple.product-type.application";
		};
/* End PBXNativeTarget section */

/* Begin PBXProject section */
		2374E17D1DE4768100706ACA /* Project object */ = {
			isa = PBXProject;
			attributes = {
				LastUpgradeCheck = 0810;
				ORGANIZATIONNAME = cyj;
				TargetAttributes = {
					2374E1841DE4768100706ACA = {
						CreatedOnToolsVersion = 8.1;
						DevelopmentTeam = QLZX6CW3EE;
						ProvisioningStyle = Automatic;
					};
				};
			};
			buildConfigurationList = 2374E1801DE4768100706ACA /* Build configuration list for PBXProject "Tutorial08" */;
			compatibilityVersion = "Xcode 3.2";
			developmentRegion = English;
			hasScannedForEncodings = 0;
			knownRegions = (
				en,
				Base,
			);
			mainGroup = 2374E17C1DE4768100706ACA;
			productRefGroup = 2374E1861DE4768200706ACA /* Products */;
			projectDirPath = "";
			projectRoot = "";
			targets = (
				2374E1841DE4768100706ACA /* Tutorial08 */,
			);
		};
/* End PBXProject section */

/* Begin PBXResourcesBuildPhase section */
		2374E1831DE4768100706ACA /* Resources */ = {
			isa = PBXResourcesBuildPhase;
			buildActionMask = 2147483647;
			files = (
				2374E1981DE4768200706ACA /* LaunchScreen.storyboard in Resources */,
				2319756D1DE4821A00D60122 /* PerPixelFragment.glsl in Resources */,
				239C9A661DE47CA300FA5A82 /* Main.storyboard in Resources */,
				2319756B1DE481C600D60122 /* PerPixelVertex.glsl in Resources */,
				2374E1951DE4768200706ACA /* Assets.xcassets in Resources */,
				239C9A5F1DE47BC300FA5A82 /* VertexShader.glsl in Resources */,
				239C9A5E1DE47BC300FA5A82 /* FragmentShader.glsl in Resources */,
			);
			runOnlyForDeploymentPostprocessing = 0;
		};
/* End PBXResourcesBuildPhase section */

/* Begin PBXSourcesBuildPhase section */
		2374E1811DE4768100706ACA /* Sources */ = {
			isa = PBXSourcesBuildPhase;
			buildActionMask = 2147483647;
			files = (
				2374E1901DE4768200706ACA /* ViewController.m in Sources */,
				239C9A611DE47BC300FA5A82 /* ParametricSurface.cpp in Sources */,
				239C9A631DE47BC300FA5A82 /* GLESUtils.m in Sources */,
				239C9A621DE47BC300FA5A82 /* GLESMath.c in Sources */,
				239C9A5D1DE47BC300FA5A82 /* OpenGLView.mm in Sources */,
				2374E18D1DE4768200706ACA /* AppDelegate.m in Sources */,
				2374E18A1DE4768200706ACA /* main.m in Sources */,
				239C9A601DE47BC300FA5A82 /* Cube.cpp in Sources */,
			);
			runOnlyForDeploymentPostprocessing = 0;
		};
/* End PBXSourcesBuildPhase section */

/* Begin PBXVariantGroup section */
		2374E1961DE4768200706ACA /* LaunchScreen.storyboard */ = {
			isa = PBXVariantGroup;
			children = (
				2374E1971DE4768200706ACA /* Base */,
			);
			name = LaunchScreen.storyboard;
			sourceTree = "<group>";
		};
		239C9A641DE47CA300FA5A82 /* Main.storyboard */ = {
			isa = PBXVariantGroup;
			children = (
				239C9A651DE47CA300FA5A82 /* Base */,
			);
			name = Main.storyboard;
			sourceTree = "<group>";
		};
/* End PBXVariantGroup section */

/* Begin XCBuildConfiguration section */
		2374E19A1DE4768200706ACA /* Debug */ = {
			isa = XCBuildConfiguration;
			buildSettings = {
				ALWAYS_SEARCH_USER_PATHS = NO;
				CLANG_ANALYZER_NONNULL = YES;
				CLANG_CXX_LANGUAGE_STANDARD = "gnu++0x";
				CLANG_CXX_LIBRARY = "libc++";
				CLANG_ENABLE_MODULES = YES;
				CLANG_ENABLE_OBJC_ARC = YES;
				CLANG_WARN_BOOL_CONVERSION = YES;
				CLANG_WARN_CONSTANT_CONVERSION = YES;
				CLANG_WARN_DIRECT_OBJC_ISA_USAGE = YES_ERROR;
				CLANG_WARN_DOCUMENTATION_COMMENTS = YES;
				CLANG_WARN_EMPTY_BODY = YES;
				CLANG_WARN_ENUM_CONVERSION = YES;
				CLANG_WARN_INFINITE_RECURSION = YES;
				CLANG_WARN_INT_CONVERSION = YES;
				CLANG_WARN_OBJC_ROOT_CLASS = YES_ERROR;
				CLANG_WARN_SUSPICIOUS_MOVES = YES;
				CLANG_WARN_UNREACHABLE_CODE = YES;
				CLANG_WARN__DUPLICATE_METHOD_MATCH = YES;
				"CODE_SIGN_IDENTITY[sdk=iphoneos*]" = "iPhone Developer";
				COPY_PHASE_STRIP = NO;
				DEBUG_INFORMATION_FORMAT = dwarf;
				ENABLE_STRICT_OBJC_MSGSEND = YES;
				ENABLE_TESTABILITY = YES;
				GCC_C_LANGUAGE_STANDARD = gnu99;
				GCC_DYNAMIC_NO_PIC = NO;
				GCC_NO_COMMON_BLOCKS = YES;
				GCC_OPTIMIZATION_LEVEL = 0;
				GCC_PREPROCESSOR_DEFINITIONS = (
					"DEBUG=1",
					"$(inherited)",
				);
				GCC_WARN_64_TO_32_BIT_CONVERSION = YES;
				GCC_WARN_ABOUT_RETURN_TYPE = YES_ERROR;
				GCC_WARN_UNDECLARED_SELECTOR = YES;
				GCC_WARN_UNINITIALIZED_AUTOS = YES_AGGRESSIVE;
				GCC_WARN_UNUSED_FUNCTION = YES;
				GCC_WARN_UNUSED_VARIABLE = YES;
				IPHONEOS_DEPLOYMENT_TARGET = 10.1;
				MTL_ENABLE_DEBUG_INFO = YES;
				ONLY_ACTIVE_ARCH = YES;
				SDKROOT = iphoneos;
			};
			name = Debug;
		};
		2374E19B1DE4768200706ACA /* Release */ = {
			isa = XCBuildConfiguration;
			buildSettings = {
				ALWAYS_SEARCH_USER_PATHS = NO;
				CLANG_ANALYZER_NONNULL = YES;
				CLANG_CXX_LANGUAGE_STANDARD = "gnu++0x";
				CLANG_CXX_LIBRARY = "libc++";
				CLANG_ENABLE_MODULES = YES;
				CLANG_ENABLE_OBJC_ARC = YES;
				CLANG_WARN_BOOL_CONVERSION = YES;
				CLANG_WARN_CONSTANT_CONVERSION = YES;
				CLANG_WARN_DIRECT_OBJC_ISA_USAGE = YES_ERROR;
				CLANG_WARN_DOCUMENTATION_COMMENTS = YES;
				CLANG_WARN_EMPTY_BODY = YES;
				CLANG_WARN_ENUM_CONVERSION = YES;
				CLANG_WARN_INFINITE_RECURSION = YES;
				CLANG_WARN_INT_CONVERSION = YES;
				CLANG_WARN_OBJC_ROOT_CLASS = YES_ERROR;
				CLANG_WARN_SUSPICIOUS_MOVES = YES;
				CLANG_WARN_UNREACHABLE_CODE = YES;
				CLANG_WARN__DUPLICATE_METHOD_MATCH = YES;
				"CODE_SIGN_IDENTITY[sdk=iphoneos*]" = "iPhone Developer";
				COPY_PHASE_STRIP = NO;
				DEBUG_INFORMATION_FORMAT = "dwarf-with-dsym";
				ENABLE_NS_ASSERTIONS = NO;
				ENABLE_STRICT_OBJC_MSGSEND = YES;
				GCC_C_LANGUAGE_STANDARD = gnu99;
				GCC_NO_COMMON_BLOCKS = YES;
				GCC_WARN_64_TO_32_BIT_CONVERSION = YES;
				GCC_WARN_ABOUT_RETURN_TYPE = YES_ERROR;
				GCC_WARN_UNDECLARED_SELECTOR = YES;
				GCC_WARN_UNINITIALIZED_AUTOS = YES_AGGRESSIVE;
				GCC_WARN_UNUSED_FUNCTION = YES;
				GCC_WARN_UNUSED_VARIABLE = YES;
				IPHONEOS_DEPLOYMENT_TARGET = 10.1;
				MTL_ENABLE_DEBUG_INFO = NO;
				SDKROOT = iphoneos;
				VALIDATE_PRODUCT = YES;
			};
			name = Release;
		};
		2374E19D1DE4768200706ACA /* Debug */ = {
			isa = XCBuildConfiguration;
			buildSettings = {
				ASSETCATALOG_COMPILER_APPICON_NAME = AppIcon;
				DEVELOPMENT_TEAM = QLZX6CW3EE;
				INFOPLIST_FILE = Tutorial08/Info.plist;
				LD_RUNPATH_SEARCH_PATHS = "$(inherited) @executable_path/Frameworks";
				PRODUCT_BUNDLE_IDENTIFIER = com.cyj.Tutorial08;
				PRODUCT_NAME = "$(TARGET_NAME)";
			};
			name = Debug;
		};
		2374E19E1DE4768200706ACA /* Release */ = {
			isa = XCBuildConfiguration;
			buildSettings = {
				ASSETCATALOG_COMPILER_APPICON_NAME = AppIcon;
				DEVELOPMENT_TEAM = QLZX6CW3EE;
				INFOPLIST_FILE = Tutorial08/Info.plist;
				LD_RUNPATH_SEARCH_PATHS = "$(inherited) @executable_path/Frameworks";
				PRODUCT_BUNDLE_IDENTIFIER = com.cyj.Tutorial08;
				PRODUCT_NAME = "$(TARGET_NAME)";
			};
			name = Release;
		};
/* End XCBuildConfiguration section */

/* Begin XCConfigurationList section */
		2374E1801DE4768100706ACA /* Build configuration list for PBXProject "Tutorial08" */ = {
			isa = XCConfigurationList;
			buildConfigurations = (
				2374E19A1DE4768200706ACA /* Debug */,
				2374E19B1DE4768200706ACA /* Release */,
			);
			defaultConfigurationIsVisible = 0;
			defaultConfigurationName = Release;
		};
		2374E19C1DE4768200706ACA /* Build configuration list for PBXNativeTarget "Tutorial08" */ = {
			isa = XCConfigurationList;
			buildConfigurations = (
				2374E19D1DE4768200706ACA /* Debug */,
				2374E19E1DE4768200706ACA /* Release */,
			);
			defaultConfigurationIsVisible = 0;
			defaultConfigurationName = Release;
		};
/* End XCConfigurationList section */
	};
	rootObject = 2374E17D1DE4768100706ACA /* Project object */;
}
